// !$*UTF8*$!
{
	archiveVersion = 1;
	classes = {
	};
	objectVersion = 46;
	objects = {

/* Begin PBXBuildFile section */
		6451A369144B2E74003CCFC9 /* Cocoa.framework in Frameworks */ = {isa = PBXBuildFile; fileRef = 6451A368144B2E74003CCFC9 /* Cocoa.framework */; };
		6451A373144B2E74003CCFC9 /* InfoPlist.strings in Resources */ = {isa = PBXBuildFile; fileRef = 6451A371144B2E74003CCFC9 /* InfoPlist.strings */; };
		6451A375144B2E74003CCFC9 /* main.m in Sources */ = {isa = PBXBuildFile; fileRef = 6451A374144B2E74003CCFC9 /* main.m */; };
		6451A379144B2E74003CCFC9 /* Credits.rtf in Resources */ = {isa = PBXBuildFile; fileRef = 6451A377144B2E74003CCFC9 /* Credits.rtf */; };
		6451A37C144B2E74003CCFC9 /* AppDelegate.m in Sources */ = {isa = PBXBuildFile; fileRef = 6451A37B144B2E74003CCFC9 /* AppDelegate.m */; };
		6451A37F144B2E74003CCFC9 /* MainMenu.xib in Resources */ = {isa = PBXBuildFile; fileRef = 6451A37D144B2E74003CCFC9 /* MainMenu.xib */; };
		6451A387144B2E74003CCFC9 /* SenTestingKit.framework in Frameworks */ = {isa = PBXBuildFile; fileRef = 6451A386144B2E74003CCFC9 /* SenTestingKit.framework */; };
		6451A388144B2E74003CCFC9 /* Cocoa.framework in Frameworks */ = {isa = PBXBuildFile; fileRef = 6451A368144B2E74003CCFC9 /* Cocoa.framework */; };
		6451A390144B2E74003CCFC9 /* InfoPlist.strings in Resources */ = {isa = PBXBuildFile; fileRef = 6451A38E144B2E74003CCFC9 /* InfoPlist.strings */; };
		6451A393144B2E74003CCFC9 /* TrogonTests.m in Sources */ = {isa = PBXBuildFile; fileRef = 6451A392144B2E74003CCFC9 /* TrogonTests.m */; };
/* End PBXBuildFile section */

/* Begin PBXContainerItemProxy section */
		6451A389144B2E74003CCFC9 /* PBXContainerItemProxy */ = {
			isa = PBXContainerItemProxy;
			containerPortal = 6451A35B144B2E74003CCFC9 /* Project object */;
			proxyType = 1;
			remoteGlobalIDString = 6451A363144B2E74003CCFC9;
			remoteInfo = Trogon;
		};
/* End PBXContainerItemProxy section */

/* Begin PBXFileReference section */
		6451A364144B2E74003CCFC9 /* Trogon.app */ = {isa = PBXFileReference; explicitFileType = wrapper.application; includeInIndex = 0; path = Trogon.app; sourceTree = BUILT_PRODUCTS_DIR; };
		6451A368144B2E74003CCFC9 /* Cocoa.framework */ = {isa = PBXFileReference; lastKnownFileType = wrapper.framework; name = Cocoa.framework; path = System/Library/Frameworks/Cocoa.framework; sourceTree = SDKROOT; };
		6451A36B144B2E74003CCFC9 /* AppKit.framework */ = {isa = PBXFileReference; lastKnownFileType = wrapper.framework; name = AppKit.framework; path = System/Library/Frameworks/AppKit.framework; sourceTree = SDKROOT; };
		6451A36C144B2E74003CCFC9 /* CoreData.framework */ = {isa = PBXFileReference; lastKnownFileType = wrapper.framework; name = CoreData.framework; path = System/Library/Frameworks/CoreData.framework; sourceTree = SDKROOT; };
		6451A36D144B2E74003CCFC9 /* Foundation.framework */ = {isa = PBXFileReference; lastKnownFileType = wrapper.framework; name = Foundation.framework; path = System/Library/Frameworks/Foundation.framework; sourceTree = SDKROOT; };
		6451A370144B2E74003CCFC9 /* Trogon-Info.plist */ = {isa = PBXFileReference; path = "Trogon-Info.plist"; sourceTree = "<group>"; };
		6451A372144B2E74003CCFC9 /* en */ = {isa = PBXFileReference; lastKnownFileType = text.plist.strings; name = en; path = en.lproj/InfoPlist.strings; sourceTree = "<group>"; };
		6451A374144B2E74003CCFC9 /* main.m */ = {isa = PBXFileReference; lastKnownFileType = sourcecode.c.objc; path = main.m; sourceTree = "<group>"; };
		6451A376144B2E74003CCFC9 /* Trogon-Prefix.pch */ = {isa = PBXFileReference; path = "Trogon-Prefix.pch"; sourceTree = "<group>"; };
		6451A378144B2E74003CCFC9 /* en */ = {isa = PBXFileReference; lastKnownFileType = text.rtf; name = en; path = en.lproj/Credits.rtf; sourceTree = "<group>"; };
		6451A37A144B2E74003CCFC9 /* AppDelegate.h */ = {isa = PBXFileReference; path = AppDelegate.h; sourceTree = "<group>"; };
		6451A37B144B2E74003CCFC9 /* AppDelegate.m */ = {isa = PBXFileReference; lastKnownFileType = sourcecode.c.objc; path = AppDelegate.m; sourceTree = "<group>"; };
		6451A37E144B2E74003CCFC9 /* en */ = {isa = PBXFileReference; lastKnownFileType = file.xib; name = en; path = en.lproj/MainMenu.xib; sourceTree = "<group>"; };
		6451A385144B2E74003CCFC9 /* TrogonTests.octest */ = {isa = PBXFileReference; explicitFileType = wrapper.cfbundle; includeInIndex = 0; path = TrogonTests.octest; sourceTree = BUILT_PRODUCTS_DIR; };
		6451A386144B2E74003CCFC9 /* SenTestingKit.framework */ = {isa = PBXFileReference; lastKnownFileType = wrapper.framework; name = SenTestingKit.framework; path = Library/Frameworks/SenTestingKit.framework; sourceTree = DEVELOPER_DIR; };
		6451A38D144B2E74003CCFC9 /* TrogonTests-Info.plist */ = {isa = PBXFileReference; path = "TrogonTests-Info.plist"; sourceTree = "<group>"; };
		6451A38F144B2E74003CCFC9 /* en */ = {isa = PBXFileReference; lastKnownFileType = text.plist.strings; name = en; path = en.lproj/InfoPlist.strings; sourceTree = "<group>"; };
		6451A391144B2E74003CCFC9 /* TrogonTests.h */ = {isa = PBXFileReference; path = TrogonTests.h; sourceTree = "<group>"; };
		6451A392144B2E74003CCFC9 /* TrogonTests.m */ = {isa = PBXFileReference; lastKnownFileType = sourcecode.c.objc; path = TrogonTests.m; sourceTree = "<group>"; };
/* End PBXFileReference section */

/* Begin PBXFrameworksBuildPhase section */
		6451A361144B2E74003CCFC9 /* Frameworks */ = {
			isa = PBXFrameworksBuildPhase;
			buildActionMask = 2147483647;
			files = (
				6451A369144B2E74003CCFC9 /* Cocoa.framework in Frameworks */,
			);
			runOnlyForDeploymentPostprocessing = 0;
		};
		6451A381144B2E74003CCFC9 /* Frameworks */ = {
			isa = PBXFrameworksBuildPhase;
			buildActionMask = 2147483647;
			files = (
				6451A387144B2E74003CCFC9 /* SenTestingKit.framework in Frameworks */,
				6451A388144B2E74003CCFC9 /* Cocoa.framework in Frameworks */,
			);
			runOnlyForDeploymentPostprocessing = 0;
		};
/* End PBXFrameworksBuildPhase section */

/* Begin PBXGroup section */
		6451A359144B2E74003CCFC9 = {
			isa = PBXGroup;
			children = (
				6451A36E144B2E74003CCFC9 /* Trogon */,
				6451A38B144B2E74003CCFC9 /* TrogonTests */,
				6451A367144B2E74003CCFC9 /* Frameworks */,
				6451A365144B2E74003CCFC9 /* Products */,
			);
			sourceTree = "<group>";
		};
		6451A365144B2E74003CCFC9 /* Products */ = {
			isa = PBXGroup;
			children = (
				6451A364144B2E74003CCFC9 /* Trogon.app */,
				6451A385144B2E74003CCFC9 /* TrogonTests.octest */,
			);
			name = Products;
			sourceTree = "<group>";
		};
		6451A367144B2E74003CCFC9 /* Frameworks */ = {
			isa = PBXGroup;
			children = (
				6451A368144B2E74003CCFC9 /* Cocoa.framework */,
				6451A386144B2E74003CCFC9 /* SenTestingKit.framework */,
				6451A36A144B2E74003CCFC9 /* Other Frameworks */,
			);
			name = Frameworks;
			sourceTree = "<group>";
		};
		6451A36A144B2E74003CCFC9 /* Other Frameworks */ = {
			isa = PBXGroup;
			children = (
				6451A36B144B2E74003CCFC9 /* AppKit.framework */,
				6451A36C144B2E74003CCFC9 /* CoreData.framework */,
				6451A36D144B2E74003CCFC9 /* Foundation.framework */,
			);
			name = "Other Frameworks";
			sourceTree = "<group>";
		};
		6451A36E144B2E74003CCFC9 /* Trogon */ = {
			isa = PBXGroup;
			children = (
				6451A37A144B2E74003CCFC9 /* AppDelegate.h */,
				6451A37B144B2E74003CCFC9 /* AppDelegate.m */,
				6451A37D144B2E74003CCFC9 /* MainMenu.xib */,
				6451A36F144B2E74003CCFC9 /* Supporting Files */,
			);
			path = Trogon;
			sourceTree = "<group>";
		};
		6451A36F144B2E74003CCFC9 /* Supporting Files */ = {
			isa = PBXGroup;
			children = (
				6451A370144B2E74003CCFC9 /* Trogon-Info.plist */,
				6451A371144B2E74003CCFC9 /* InfoPlist.strings */,
				6451A374144B2E74003CCFC9 /* main.m */,
				6451A376144B2E74003CCFC9 /* Trogon-Prefix.pch */,
				6451A377144B2E74003CCFC9 /* Credits.rtf */,
			);
			name = "Supporting Files";
			sourceTree = "<group>";
		};
		6451A38B144B2E74003CCFC9 /* TrogonTests */ = {
			isa = PBXGroup;
			children = (
				6451A391144B2E74003CCFC9 /* TrogonTests.h */,
				6451A392144B2E74003CCFC9 /* TrogonTests.m */,
				6451A38C144B2E74003CCFC9 /* Supporting Files */,
			);
			path = TrogonTests;
			sourceTree = "<group>";
		};
		6451A38C144B2E74003CCFC9 /* Supporting Files */ = {
			isa = PBXGroup;
			children = (
				6451A38D144B2E74003CCFC9 /* TrogonTests-Info.plist */,
				6451A38E144B2E74003CCFC9 /* InfoPlist.strings */,
			);
			name = "Supporting Files";
			sourceTree = "<group>";
		};
/* End PBXGroup section */

/* Begin PBXNativeTarget section */
		6451A363144B2E74003CCFC9 /* Trogon */ = {
			isa = PBXNativeTarget;
			buildConfigurationList = 6451A396144B2E74003CCFC9 /* Build configuration list for PBXNativeTarget "Trogon" */;
			buildPhases = (
				6451A360144B2E74003CCFC9 /* Sources */,
				6451A361144B2E74003CCFC9 /* Frameworks */,
				6451A362144B2E74003CCFC9 /* Resources */,
			);
			buildRules = (
			);
			dependencies = (
			);
			name = Trogon;
			productName = Trogon;
			productReference = 6451A364144B2E74003CCFC9 /* Trogon.app */;
			productType = "com.apple.product-type.application";
		};
		6451A384144B2E74003CCFC9 /* TrogonTests */ = {
			isa = PBXNativeTarget;
			buildConfigurationList = 6451A399144B2E74003CCFC9 /* Build configuration list for PBXNativeTarget "TrogonTests" */;
			buildPhases = (
				6451A380144B2E74003CCFC9 /* Sources */,
				6451A381144B2E74003CCFC9 /* Frameworks */,
				6451A382144B2E74003CCFC9 /* Resources */,
				6451A383144B2E74003CCFC9 /* ShellScript */,
			);
			buildRules = (
			);
			dependencies = (
				6451A38A144B2E74003CCFC9 /* PBXTargetDependency */,
			);
			name = TrogonTests;
			productName = TrogonTests;
			productReference = 6451A385144B2E74003CCFC9 /* TrogonTests.octest */;
			productType = "com.apple.product-type.bundle";
		};
/* End PBXNativeTarget section */

/* Begin PBXProject section */
		6451A35B144B2E74003CCFC9 /* Project object */ = {
			isa = PBXProject;
			attributes = {
				LastUpgradeCheck = 0420;
			};
			buildConfigurationList = 6451A35E144B2E74003CCFC9 /* Build configuration list for PBXProject "Trogon" */;
			compatibilityVersion = "Xcode 3.2";
			developmentRegion = English;
			hasScannedForEncodings = 0;
			knownRegions = (
				en,
			);
			mainGroup = 6451A359144B2E74003CCFC9;
			productRefGroup = 6451A365144B2E74003CCFC9 /* Products */;
			projectDirPath = "";
			projectRoot = "";
			targets = (
				6451A363144B2E74003CCFC9 /* Trogon */,
				6451A384144B2E74003CCFC9 /* TrogonTests */,
			);
		};
/* End PBXProject section */

/* Begin PBXResourcesBuildPhase section */
		6451A362144B2E74003CCFC9 /* Resources */ = {
			isa = PBXResourcesBuildPhase;
			buildActionMask = 2147483647;
			files = (
				6451A373144B2E74003CCFC9 /* InfoPlist.strings in Resources */,
				6451A379144B2E74003CCFC9 /* Credits.rtf in Resources */,
				6451A37F144B2E74003CCFC9 /* MainMenu.xib in Resources */,
			);
			runOnlyForDeploymentPostprocessing = 0;
		};
		6451A382144B2E74003CCFC9 /* Resources */ = {
			isa = PBXResourcesBuildPhase;
			buildActionMask = 2147483647;
			files = (
				6451A390144B2E74003CCFC9 /* InfoPlist.strings in Resources */,
			);
			runOnlyForDeploymentPostprocessing = 0;
		};
/* End PBXResourcesBuildPhase section */

/* Begin PBXShellScriptBuildPhase section */
		6451A383144B2E74003CCFC9 /* ShellScript */ = {
			isa = PBXShellScriptBuildPhase;
			buildActionMask = 2147483647;
			files = (
			);
			inputPaths = (
			);
			outputPaths = (
			);
			runOnlyForDeploymentPostprocessing = 0;
			shellPath = /bin/sh;
			shellScript = "# Run the unit tests in this test bundle.\n\"${SYSTEM_DEVELOPER_DIR}/Tools/RunUnitTests\"\n";
		};
/* End PBXShellScriptBuildPhase section */

/* Begin PBXSourcesBuildPhase section */
		6451A360144B2E74003CCFC9 /* Sources */ = {
			isa = PBXSourcesBuildPhase;
			buildActionMask = 2147483647;
			files = (
				6451A375144B2E74003CCFC9 /* main.m in Sources */,
				6451A37C144B2E74003CCFC9 /* AppDelegate.m in Sources */,
			);
			runOnlyForDeploymentPostprocessing = 0;
		};
		6451A380144B2E74003CCFC9 /* Sources */ = {
			isa = PBXSourcesBuildPhase;
			buildActionMask = 2147483647;
			files = (
				6451A393144B2E74003CCFC9 /* TrogonTests.m in Sources */,
			);
			runOnlyForDeploymentPostprocessing = 0;
		};
/* End PBXSourcesBuildPhase section */

/* Begin PBXTargetDependency section */
		6451A38A144B2E74003CCFC9 /* PBXTargetDependency */ = {
			isa = PBXTargetDependency;
			target = 6451A363144B2E74003CCFC9 /* Trogon */;
			targetProxy = 6451A389144B2E74003CCFC9 /* PBXContainerItemProxy */;
		};
/* End PBXTargetDependency section */

/* Begin PBXVariantGroup section */
		6451A371144B2E74003CCFC9 /* InfoPlist.strings */ = {
			isa = PBXVariantGroup;
			children = (
				6451A372144B2E74003CCFC9 /* en */,
			);
			name = InfoPlist.strings;
			sourceTree = "<group>";
		};
		6451A377144B2E74003CCFC9 /* Credits.rtf */ = {
			isa = PBXVariantGroup;
			children = (
				6451A378144B2E74003CCFC9 /* en */,
			);
			name = Credits.rtf;
			sourceTree = "<group>";
		};
		6451A37D144B2E74003CCFC9 /* MainMenu.xib */ = {
			isa = PBXVariantGroup;
			children = (
				6451A37E144B2E74003CCFC9 /* en */,
			);
			name = MainMenu.xib;
			sourceTree = "<group>";
		};
		6451A38E144B2E74003CCFC9 /* InfoPlist.strings */ = {
			isa = PBXVariantGroup;
			children = (
				6451A38F144B2E74003CCFC9 /* en */,
			);
			name = InfoPlist.strings;
			sourceTree = "<group>";
		};
/* End PBXVariantGroup section */

/* Begin XCBuildConfiguration section */
		6451A394144B2E74003CCFC9 /* Debug */ = {
			isa = XCBuildConfiguration;
			buildSettings = {
				ALWAYS_SEARCH_USER_PATHS = NO;
				ARCHS = "$(ARCHS_STANDARD_64_BIT)";
				CLANG_ENABLE_OBJC_ARC = YES;
				COPY_PHASE_STRIP = NO;
				GCC_C_LANGUAGE_STANDARD = gnu99;
				GCC_DYNAMIC_NO_PIC = NO;
				GCC_ENABLE_OBJC_EXCEPTIONS = YES;
				GCC_OPTIMIZATION_LEVEL = 0;
				GCC_PREPROCESSOR_DEFINITIONS = (
					"DEBUG=1",
					"$(inherited)",
				);
				GCC_SYMBOLS_PRIVATE_EXTERN = NO;
				GCC_VERSION = com.apple.compilers.llvm.clang.1_0;
				GCC_WARN_64_TO_32_BIT_CONVERSION = YES;
				GCC_WARN_ABOUT_MISSING_PROTOTYPES = YES;
				GCC_WARN_ABOUT_RETURN_TYPE = YES;
				GCC_WARN_UNUSED_VARIABLE = YES;
				MACOSX_DEPLOYMENT_TARGET = 10.7;
				ONLY_ACTIVE_ARCH = YES;
				SDKROOT = macosx;
			};
			name = Debug;
		};
		6451A395144B2E74003CCFC9 /* Release */ = {
			isa = XCBuildConfiguration;
			buildSettings = {
				ALWAYS_SEARCH_USER_PATHS = NO;
				ARCHS = "$(ARCHS_STANDARD_64_BIT)";
				CLANG_ENABLE_OBJC_ARC = YES;
				COPY_PHASE_STRIP = YES;
				DEBUG_INFORMATION_FORMAT = "dwarf-with-dsym";
				GCC_C_LANGUAGE_STANDARD = gnu99;
				GCC_ENABLE_OBJC_EXCEPTIONS = YES;
				GCC_VERSION = com.apple.compilers.llvm.clang.1_0;
				GCC_WARN_64_TO_32_BIT_CONVERSION = YES;
				GCC_WARN_ABOUT_MISSING_PROTOTYPES = YES;
				GCC_WARN_ABOUT_RETURN_TYPE = YES;
				GCC_WARN_UNUSED_VARIABLE = YES;
				MACOSX_DEPLOYMENT_TARGET = 10.7;
				SDKROOT = macosx;
			};
			name = Release;
		};
		6451A397144B2E74003CCFC9 /* Debug */ = {
			isa = XCBuildConfiguration;
			buildSettings = {
				GCC_PRECOMPILE_PREFIX_HEADER = YES;
				GCC_PREFIX_HEADER = "Trogon/Trogon-Prefix.pch";
				INFOPLIST_FILE = "Trogon/Trogon-Info.plist";
				PRODUCT_NAME = "$(TARGET_NAME)";
				WRAPPER_EXTENSION = app;
			};
			name = Debug;
		};
		6451A398144B2E74003CCFC9 /* Release */ = {
			isa = XCBuildConfiguration;
			buildSettings = {
				GCC_PRECOMPILE_PREFIX_HEADER = YES;
				GCC_PREFIX_HEADER = "Trogon/Trogon-Prefix.pch";
				INFOPLIST_FILE = "Trogon/Trogon-Info.plist";
				PRODUCT_NAME = "$(TARGET_NAME)";
				WRAPPER_EXTENSION = app;
			};
			name = Release;
		};
		6451A39A144B2E74003CCFC9 /* Debug */ = {
			isa = XCBuildConfiguration;
			buildSettings = {
				BUNDLE_LOADER = "$(BUILT_PRODUCTS_DIR)/Trogon.app/Contents/MacOS/Trogon";
				FRAMEWORK_SEARCH_PATHS = "$(DEVELOPER_LIBRARY_DIR)/Frameworks";
				GCC_PRECOMPILE_PREFIX_HEADER = YES;
				GCC_PREFIX_HEADER = "Trogon/Trogon-Prefix.pch";
				INFOPLIST_FILE = "TrogonTests/TrogonTests-Info.plist";
				PRODUCT_NAME = "$(TARGET_NAME)";
				TEST_HOST = "$(BUNDLE_LOADER)";
				WRAPPER_EXTENSION = octest;
			};
			name = Debug;
		};
		6451A39B144B2E74003CCFC9 /* Release */ = {
			isa = XCBuildConfiguration;
			buildSettings = {
				BUNDLE_LOADER = "$(BUILT_PRODUCTS_DIR)/Trogon.app/Contents/MacOS/Trogon";
				FRAMEWORK_SEARCH_PATHS = "$(DEVELOPER_LIBRARY_DIR)/Frameworks";
				GCC_PRECOMPILE_PREFIX_HEADER = YES;
				GCC_PREFIX_HEADER = "Trogon/Trogon-Prefix.pch";
				INFOPLIST_FILE = "TrogonTests/TrogonTests-Info.plist";
				PRODUCT_NAME = "$(TARGET_NAME)";
				TEST_HOST = "$(BUNDLE_LOADER)";
				WRAPPER_EXTENSION = octest;
			};
			name = Release;
		};
/* End XCBuildConfiguration section */

/* Begin XCConfigurationList section */
		6451A35E144B2E74003CCFC9 /* Build configuration list for PBXProject "Trogon" */ = {
			isa = XCConfigurationList;
			buildConfigurations = (
				6451A394144B2E74003CCFC9 /* Debug */,
				6451A395144B2E74003CCFC9 /* Release */,
			);
			defaultConfigurationIsVisible = 0;
			defaultConfigurationName = Release;
		};
		6451A396144B2E74003CCFC9 /* Build configuration list for PBXNativeTarget "Trogon" */ = {
			isa = XCConfigurationList;
			buildConfigurations = (
				6451A397144B2E74003CCFC9 /* Debug */,
				6451A398144B2E74003CCFC9 /* Release */,
			);
			defaultConfigurationIsVisible = 0;
		};
		6451A399144B2E74003CCFC9 /* Build configuration list for PBXNativeTarget "TrogonTests" */ = {
			isa = XCConfigurationList;
			buildConfigurations = (
				6451A39A144B2E74003CCFC9 /* Debug */,
				6451A39B144B2E74003CCFC9 /* Release */,
			);
			defaultConfigurationIsVisible = 0;
		};
/* End XCConfigurationList section */
	};
	rootObject = 6451A35B144B2E74003CCFC9 /* Project object */;
}
