// !$*UTF8*$!
{
	archiveVersion = 1;
	classes = {
	};
	objectVersion = 46;
	objects = {

/* Begin PBXBuildFile section */
		64170249144BBC8200F7B1F7 /* RubySheetController.m in Sources */ = {isa = PBXBuildFile; fileRef = 64170248144BBC8200F7B1F7 /* RubySheetController.m */; };
		64170250144BBC9B00F7B1F7 /* GemSheetController.m in Sources */ = {isa = PBXBuildFile; fileRef = 6417024F144BBC9B00F7B1F7 /* GemSheetController.m */; };
		64170252144BBD3300F7B1F7 /* RubySheet.xib in Resources */ = {isa = PBXBuildFile; fileRef = 64170251144BBD3300F7B1F7 /* RubySheet.xib */; };
		6451A369144B2E74003CCFC9 /* Cocoa.framework in Frameworks */ = {isa = PBXBuildFile; fileRef = 6451A368144B2E74003CCFC9 /* Cocoa.framework */; };
		6451A373144B2E74003CCFC9 /* InfoPlist.strings in Resources */ = {isa = PBXBuildFile; fileRef = 6451A371144B2E74003CCFC9 /* InfoPlist.strings */; };
		6451A375144B2E74003CCFC9 /* main.m in Sources */ = {isa = PBXBuildFile; fileRef = 6451A374144B2E74003CCFC9 /* main.m */; };
		6451A379144B2E74003CCFC9 /* Credits.rtf in Resources */ = {isa = PBXBuildFile; fileRef = 6451A377144B2E74003CCFC9 /* Credits.rtf */; };
		6451A37C144B2E74003CCFC9 /* AppDelegate.m in Sources */ = {isa = PBXBuildFile; fileRef = 6451A37B144B2E74003CCFC9 /* AppDelegate.m */; };
		6451A37F144B2E74003CCFC9 /* MainMenu.xib in Resources */ = {isa = PBXBuildFile; fileRef = 6451A37D144B2E74003CCFC9 /* MainMenu.xib */; };
		6451A387144B2E74003CCFC9 /* SenTestingKit.framework in Frameworks */ = {isa = PBXBuildFile; fileRef = 6451A386144B2E74003CCFC9 /* SenTestingKit.framework */; };
		6451A388144B2E74003CCFC9 /* Cocoa.framework in Frameworks */ = {isa = PBXBuildFile; fileRef = 6451A368144B2E74003CCFC9 /* Cocoa.framework */; };
		6451A390144B2E74003CCFC9 /* InfoPlist.strings in Resources */ = {isa = PBXBuildFile; fileRef = 6451A38E144B2E74003CCFC9 /* InfoPlist.strings */; };
		6451A393144B2E74003CCFC9 /* TrogonTests.m in Sources */ = {isa = PBXBuildFile; fileRef = 6451A392144B2E74003CCFC9 /* TrogonTests.m */; };
		6451A39E144B2F01003CCFC9 /* Ruby.m in Sources */ = {isa = PBXBuildFile; fileRef = 6451A39D144B2F01003CCFC9 /* Ruby.m */; };
		64745954147202820004698B /* GemsetTableView.m in Sources */ = {isa = PBXBuildFile; fileRef = 64745953147202820004698B /* GemsetTableView.m */; };
		647F9F6D144BBD81005F13C1 /* GemsetSheet.xib in Resources */ = {isa = PBXBuildFile; fileRef = 647F9F6C144BBD81005F13C1 /* GemsetSheet.xib */; };
		647F9F6F144BBD8E005F13C1 /* GemSheet.xib in Resources */ = {isa = PBXBuildFile; fileRef = 647F9F6E144BBD8E005F13C1 /* GemSheet.xib */; };
		647F9F72144BBF88005F13C1 /* GemsetSheetController.m in Sources */ = {isa = PBXBuildFile; fileRef = 647F9F71144BBF88005F13C1 /* GemsetSheetController.m */; };
		64ADDFED144B8E160099E47A /* GemSet.m in Sources */ = {isa = PBXBuildFile; fileRef = 64ADDFEC144B8E160099E47A /* GemSet.m */; };
		64ADDFF1144B8E1F0099E47A /* Gem.m in Sources */ = {isa = PBXBuildFile; fileRef = 64ADDFF0144B8E1F0099E47A /* Gem.m */; };
		64ADDFFE144B98080099E47A /* NSString+trimLeadingWhitespace.m in Sources */ = {isa = PBXBuildFile; fileRef = 64ADDFFD144B98080099E47A /* NSString+trimLeadingWhitespace.m */; };
		64ADE004144BB1940099E47A /* BackgroundView.m in Sources */ = {isa = PBXBuildFile; fileRef = 64ADE003144BB1940099E47A /* BackgroundView.m */; };
		64BCECD4144D0CD500D9391F /* NSString+trimTrailingWhitespace.m in Sources */ = {isa = PBXBuildFile; fileRef = 64BCECD3144D0CD500D9391F /* NSString+trimTrailingWhitespace.m */; };
		64E790F2144E589C00741803 /* Task.m in Sources */ = {isa = PBXBuildFile; fileRef = 64E790F1144E589C00741803 /* Task.m */; };
		64E790FD144E5F7000741803 /* ProgressSheet.xib in Resources */ = {isa = PBXBuildFile; fileRef = 64E790FC144E5F7000741803 /* ProgressSheet.xib */; };
		64E79101144E5F8200741803 /* ProgressSheetController.m in Sources */ = {isa = PBXBuildFile; fileRef = 64E79100144E5F8200741803 /* ProgressSheetController.m */; };
		64E79104144E617600741803 /* check.png in Resources */ = {isa = PBXBuildFile; fileRef = 64E79102144E617500741803 /* check.png */; };
		64E79105144E617600741803 /* error.png in Resources */ = {isa = PBXBuildFile; fileRef = 64E79103144E617500741803 /* error.png */; };
/* End PBXBuildFile section */

/* Begin PBXContainerItemProxy section */
		6451A389144B2E74003CCFC9 /* PBXContainerItemProxy */ = {
			isa = PBXContainerItemProxy;
			containerPortal = 6451A35B144B2E74003CCFC9 /* Project object */;
			proxyType = 1;
			remoteGlobalIDString = 6451A363144B2E74003CCFC9;
			remoteInfo = Trogon;
		};
/* End PBXContainerItemProxy section */

/* Begin PBXFileReference section */
		64170247144BBC8200F7B1F7 /* RubySheetController.h */ = {isa = PBXFileReference; fileEncoding = 4; path = RubySheetController.h; sourceTree = "<group>"; };
		64170248144BBC8200F7B1F7 /* RubySheetController.m */ = {isa = PBXFileReference; fileEncoding = 4; lastKnownFileType = sourcecode.c.objc; path = RubySheetController.m; sourceTree = "<group>"; };
		6417024E144BBC9B00F7B1F7 /* GemSheetController.h */ = {isa = PBXFileReference; fileEncoding = 4; lastKnownFileType = sourcecode.c.h; path = GemSheetController.h; sourceTree = "<group>"; };
		6417024F144BBC9B00F7B1F7 /* GemSheetController.m */ = {isa = PBXFileReference; fileEncoding = 4; lastKnownFileType = sourcecode.c.objc; path = GemSheetController.m; sourceTree = "<group>"; };
		64170251144BBD3300F7B1F7 /* RubySheet.xib */ = {isa = PBXFileReference; fileEncoding = 4; lastKnownFileType = file.xib; path = RubySheet.xib; sourceTree = "<group>"; };
		6451A364144B2E74003CCFC9 /* Trogon.app */ = {isa = PBXFileReference; explicitFileType = wrapper.application; includeInIndex = 0; path = Trogon.app; sourceTree = BUILT_PRODUCTS_DIR; };
		6451A368144B2E74003CCFC9 /* Cocoa.framework */ = {isa = PBXFileReference; lastKnownFileType = wrapper.framework; name = Cocoa.framework; path = System/Library/Frameworks/Cocoa.framework; sourceTree = SDKROOT; };
		6451A36B144B2E74003CCFC9 /* AppKit.framework */ = {isa = PBXFileReference; lastKnownFileType = wrapper.framework; name = AppKit.framework; path = System/Library/Frameworks/AppKit.framework; sourceTree = SDKROOT; };
		6451A36C144B2E74003CCFC9 /* CoreData.framework */ = {isa = PBXFileReference; lastKnownFileType = wrapper.framework; name = CoreData.framework; path = System/Library/Frameworks/CoreData.framework; sourceTree = SDKROOT; };
		6451A36D144B2E74003CCFC9 /* Foundation.framework */ = {isa = PBXFileReference; lastKnownFileType = wrapper.framework; name = Foundation.framework; path = System/Library/Frameworks/Foundation.framework; sourceTree = SDKROOT; };
		6451A370144B2E74003CCFC9 /* Trogon-Info.plist */ = {isa = PBXFileReference; lastKnownFileType = text.plist.xml; path = "Trogon-Info.plist"; sourceTree = "<group>"; };
		6451A372144B2E74003CCFC9 /* en */ = {isa = PBXFileReference; lastKnownFileType = text.plist.strings; name = en; path = en.lproj/InfoPlist.strings; sourceTree = "<group>"; };
		6451A374144B2E74003CCFC9 /* main.m */ = {isa = PBXFileReference; lastKnownFileType = sourcecode.c.objc; path = main.m; sourceTree = "<group>"; };
		6451A376144B2E74003CCFC9 /* Trogon-Prefix.pch */ = {isa = PBXFileReference; lastKnownFileType = sourcecode.c.h; path = "Trogon-Prefix.pch"; sourceTree = "<group>"; };
		6451A378144B2E74003CCFC9 /* en */ = {isa = PBXFileReference; lastKnownFileType = text.rtf; name = en; path = en.lproj/Credits.rtf; sourceTree = "<group>"; };
		6451A37A144B2E74003CCFC9 /* AppDelegate.h */ = {isa = PBXFileReference; lastKnownFileType = sourcecode.c.h; path = AppDelegate.h; sourceTree = "<group>"; };
		6451A37B144B2E74003CCFC9 /* AppDelegate.m */ = {isa = PBXFileReference; lastKnownFileType = sourcecode.c.objc; path = AppDelegate.m; sourceTree = "<group>"; };
		6451A37E144B2E74003CCFC9 /* en */ = {isa = PBXFileReference; lastKnownFileType = file.xib; name = en; path = en.lproj/MainMenu.xib; sourceTree = "<group>"; };
		6451A385144B2E74003CCFC9 /* TrogonTests.octest */ = {isa = PBXFileReference; explicitFileType = wrapper.cfbundle; includeInIndex = 0; path = TrogonTests.octest; sourceTree = BUILT_PRODUCTS_DIR; };
		6451A386144B2E74003CCFC9 /* SenTestingKit.framework */ = {isa = PBXFileReference; lastKnownFileType = wrapper.framework; name = SenTestingKit.framework; path = Library/Frameworks/SenTestingKit.framework; sourceTree = DEVELOPER_DIR; };
		6451A38D144B2E74003CCFC9 /* TrogonTests-Info.plist */ = {isa = PBXFileReference; lastKnownFileType = text.plist.xml; path = "TrogonTests-Info.plist"; sourceTree = "<group>"; };
		6451A38F144B2E74003CCFC9 /* en */ = {isa = PBXFileReference; lastKnownFileType = text.plist.strings; name = en; path = en.lproj/InfoPlist.strings; sourceTree = "<group>"; };
		6451A391144B2E74003CCFC9 /* TrogonTests.h */ = {isa = PBXFileReference; lastKnownFileType = sourcecode.c.h; path = TrogonTests.h; sourceTree = "<group>"; };
		6451A392144B2E74003CCFC9 /* TrogonTests.m */ = {isa = PBXFileReference; lastKnownFileType = sourcecode.c.objc; path = TrogonTests.m; sourceTree = "<group>"; };
		6451A39C144B2F01003CCFC9 /* Ruby.h */ = {isa = PBXFileReference; fileEncoding = 4; lastKnownFileType = sourcecode.c.h; path = Ruby.h; sourceTree = "<group>"; };
		6451A39D144B2F01003CCFC9 /* Ruby.m */ = {isa = PBXFileReference; fileEncoding = 4; lastKnownFileType = sourcecode.c.objc; path = Ruby.m; sourceTree = "<group>"; };
		64745952147202820004698B /* GemsetTableView.h */ = {isa = PBXFileReference; fileEncoding = 4; lastKnownFileType = sourcecode.c.h; path = GemsetTableView.h; sourceTree = "<group>"; };
		64745953147202820004698B /* GemsetTableView.m */ = {isa = PBXFileReference; fileEncoding = 4; lastKnownFileType = sourcecode.c.objc; path = GemsetTableView.m; sourceTree = "<group>"; };
		647F9F6C144BBD81005F13C1 /* GemsetSheet.xib */ = {isa = PBXFileReference; fileEncoding = 4; lastKnownFileType = file.xib; path = GemsetSheet.xib; sourceTree = "<group>"; };
		647F9F6E144BBD8E005F13C1 /* GemSheet.xib */ = {isa = PBXFileReference; fileEncoding = 4; lastKnownFileType = file.xib; path = GemSheet.xib; sourceTree = "<group>"; };
		647F9F70144BBF88005F13C1 /* GemsetSheetController.h */ = {isa = PBXFileReference; fileEncoding = 4; lastKnownFileType = sourcecode.c.h; path = GemsetSheetController.h; sourceTree = "<group>"; };
		647F9F71144BBF88005F13C1 /* GemsetSheetController.m */ = {isa = PBXFileReference; fileEncoding = 4; lastKnownFileType = sourcecode.c.objc; path = GemsetSheetController.m; sourceTree = "<group>"; };
		64ADDFEB144B8E160099E47A /* GemSet.h */ = {isa = PBXFileReference; fileEncoding = 4; lastKnownFileType = sourcecode.c.h; path = GemSet.h; sourceTree = "<group>"; };
		64ADDFEC144B8E160099E47A /* GemSet.m */ = {isa = PBXFileReference; fileEncoding = 4; lastKnownFileType = sourcecode.c.objc; path = GemSet.m; sourceTree = "<group>"; };
		64ADDFEF144B8E1F0099E47A /* Gem.h */ = {isa = PBXFileReference; fileEncoding = 4; lastKnownFileType = sourcecode.c.h; path = Gem.h; sourceTree = "<group>"; };
		64ADDFF0144B8E1F0099E47A /* Gem.m */ = {isa = PBXFileReference; fileEncoding = 4; lastKnownFileType = sourcecode.c.objc; path = Gem.m; sourceTree = "<group>"; };
		64ADDFFC144B98080099E47A /* NSString+trimLeadingWhitespace.h */ = {isa = PBXFileReference; fileEncoding = 4; lastKnownFileType = sourcecode.c.h; path = "NSString+trimLeadingWhitespace.h"; sourceTree = "<group>"; };
		64ADDFFD144B98080099E47A /* NSString+trimLeadingWhitespace.m */ = {isa = PBXFileReference; fileEncoding = 4; lastKnownFileType = sourcecode.c.objc; path = "NSString+trimLeadingWhitespace.m"; sourceTree = "<group>"; };
		64ADE002144BB1940099E47A /* BackgroundView.h */ = {isa = PBXFileReference; fileEncoding = 4; lastKnownFileType = sourcecode.c.h; path = BackgroundView.h; sourceTree = "<group>"; };
		64ADE003144BB1940099E47A /* BackgroundView.m */ = {isa = PBXFileReference; fileEncoding = 4; lastKnownFileType = sourcecode.c.objc; path = BackgroundView.m; sourceTree = "<group>"; };
		64BCECD2144D0CD500D9391F /* NSString+trimTrailingWhitespace.h */ = {isa = PBXFileReference; fileEncoding = 4; lastKnownFileType = sourcecode.c.h; path = "NSString+trimTrailingWhitespace.h"; sourceTree = "<group>"; };
		64BCECD3144D0CD500D9391F /* NSString+trimTrailingWhitespace.m */ = {isa = PBXFileReference; fileEncoding = 4; lastKnownFileType = sourcecode.c.objc; path = "NSString+trimTrailingWhitespace.m"; sourceTree = "<group>"; };
		64E790F0144E589C00741803 /* Task.h */ = {isa = PBXFileReference; fileEncoding = 4; lastKnownFileType = sourcecode.c.h; path = Task.h; sourceTree = "<group>"; };
		64E790F1144E589C00741803 /* Task.m */ = {isa = PBXFileReference; fileEncoding = 4; lastKnownFileType = sourcecode.c.objc; path = Task.m; sourceTree = "<group>"; };
		64E790FC144E5F7000741803 /* ProgressSheet.xib */ = {isa = PBXFileReference; fileEncoding = 4; lastKnownFileType = file.xib; path = ProgressSheet.xib; sourceTree = "<group>"; };
		64E790FF144E5F8200741803 /* ProgressSheetController.h */ = {isa = PBXFileReference; fileEncoding = 4; lastKnownFileType = sourcecode.c.h; path = ProgressSheetController.h; sourceTree = "<group>"; };
		64E79100144E5F8200741803 /* ProgressSheetController.m */ = {isa = PBXFileReference; fileEncoding = 4; lastKnownFileType = sourcecode.c.objc; path = ProgressSheetController.m; sourceTree = "<group>"; };
		64E79102144E617500741803 /* check.png */ = {isa = PBXFileReference; lastKnownFileType = image.png; path = check.png; sourceTree = "<group>"; };
		64E79103144E617500741803 /* error.png */ = {isa = PBXFileReference; lastKnownFileType = image.png; path = error.png; sourceTree = "<group>"; };
/* End PBXFileReference section */

/* Begin PBXFrameworksBuildPhase section */
		6451A361144B2E74003CCFC9 /* Frameworks */ = {
			isa = PBXFrameworksBuildPhase;
			buildActionMask = 2147483647;
			files = (
				6451A369144B2E74003CCFC9 /* Cocoa.framework in Frameworks */,
			);
			runOnlyForDeploymentPostprocessing = 0;
		};
		6451A381144B2E74003CCFC9 /* Frameworks */ = {
			isa = PBXFrameworksBuildPhase;
			buildActionMask = 2147483647;
			files = (
				6451A387144B2E74003CCFC9 /* SenTestingKit.framework in Frameworks */,
				6451A388144B2E74003CCFC9 /* Cocoa.framework in Frameworks */,
			);
			runOnlyForDeploymentPostprocessing = 0;
		};
/* End PBXFrameworksBuildPhase section */

/* Begin PBXGroup section */
		6451A359144B2E74003CCFC9 = {
			isa = PBXGroup;
			children = (
				6451A36E144B2E74003CCFC9 /* Trogon */,
				6451A38B144B2E74003CCFC9 /* TrogonTests */,
				6451A367144B2E74003CCFC9 /* Frameworks */,
				6451A365144B2E74003CCFC9 /* Products */,
			);
			sourceTree = "<group>";
		};
		6451A365144B2E74003CCFC9 /* Products */ = {
			isa = PBXGroup;
			children = (
				6451A364144B2E74003CCFC9 /* Trogon.app */,
				6451A385144B2E74003CCFC9 /* TrogonTests.octest */,
			);
			name = Products;
			sourceTree = "<group>";
		};
		6451A367144B2E74003CCFC9 /* Frameworks */ = {
			isa = PBXGroup;
			children = (
				6451A368144B2E74003CCFC9 /* Cocoa.framework */,
				6451A386144B2E74003CCFC9 /* SenTestingKit.framework */,
				6451A36A144B2E74003CCFC9 /* Other Frameworks */,
			);
			name = Frameworks;
			sourceTree = "<group>";
		};
		6451A36A144B2E74003CCFC9 /* Other Frameworks */ = {
			isa = PBXGroup;
			children = (
				6451A36B144B2E74003CCFC9 /* AppKit.framework */,
				6451A36C144B2E74003CCFC9 /* CoreData.framework */,
				6451A36D144B2E74003CCFC9 /* Foundation.framework */,
			);
			name = "Other Frameworks";
			sourceTree = "<group>";
		};
		6451A36E144B2E74003CCFC9 /* Trogon */ = {
			isa = PBXGroup;
			children = (
				6451A37A144B2E74003CCFC9 /* AppDelegate.h */,
				6451A37B144B2E74003CCFC9 /* AppDelegate.m */,
				64ADE002144BB1940099E47A /* BackgroundView.h */,
				64ADE003144BB1940099E47A /* BackgroundView.m */,
				64ADDFEF144B8E1F0099E47A /* Gem.h */,
				64ADDFF0144B8E1F0099E47A /* Gem.m */,
				647F9F6E144BBD8E005F13C1 /* GemSheet.xib */,
				6417024E144BBC9B00F7B1F7 /* GemSheetController.h */,
				6417024F144BBC9B00F7B1F7 /* GemSheetController.m */,
				64ADDFEB144B8E160099E47A /* GemSet.h */,
				64ADDFEC144B8E160099E47A /* GemSet.m */,
				647F9F6C144BBD81005F13C1 /* GemsetSheet.xib */,
				647F9F70144BBF88005F13C1 /* GemsetSheetController.h */,
				647F9F71144BBF88005F13C1 /* GemsetSheetController.m */,
				64745952147202820004698B /* GemsetTableView.h */,
				64745953147202820004698B /* GemsetTableView.m */,
				6451A37D144B2E74003CCFC9 /* MainMenu.xib */,
				64ADDFFC144B98080099E47A /* NSString+trimLeadingWhitespace.h */,
				64ADDFFD144B98080099E47A /* NSString+trimLeadingWhitespace.m */,
				64BCECD2144D0CD500D9391F /* NSString+trimTrailingWhitespace.h */,
				64BCECD3144D0CD500D9391F /* NSString+trimTrailingWhitespace.m */,
				64E790FC144E5F7000741803 /* ProgressSheet.xib */,
				64E790FF144E5F8200741803 /* ProgressSheetController.h */,
				64E79100144E5F8200741803 /* ProgressSheetController.m */,
				6451A39C144B2F01003CCFC9 /* Ruby.h */,
				6451A39D144B2F01003CCFC9 /* Ruby.m */,
				64170251144BBD3300F7B1F7 /* RubySheet.xib */,
				64170247144BBC8200F7B1F7 /* RubySheetController.h */,
				64170248144BBC8200F7B1F7 /* RubySheetController.m */,
				64E790F0144E589C00741803 /* Task.h */,
				64E790F1144E589C00741803 /* Task.m */,
				6451A36F144B2E74003CCFC9 /* Supporting Files */,
			);
			path = Trogon;
			sourceTree = "<group>";
		};
		6451A36F144B2E74003CCFC9 /* Supporting Files */ = {
			isa = PBXGroup;
			children = (
				64E79102144E617500741803 /* check.png */,
				64E79103144E617500741803 /* error.png */,
				6451A370144B2E74003CCFC9 /* Trogon-Info.plist */,
				6451A371144B2E74003CCFC9 /* InfoPlist.strings */,
				6451A374144B2E74003CCFC9 /* main.m */,
				6451A376144B2E74003CCFC9 /* Trogon-Prefix.pch */,
				6451A377144B2E74003CCFC9 /* Credits.rtf */,
			);
			name = "Supporting Files";
			sourceTree = "<group>";
		};
		6451A38B144B2E74003CCFC9 /* TrogonTests */ = {
			isa = PBXGroup;
			children = (
				6451A391144B2E74003CCFC9 /* TrogonTests.h */,
				6451A392144B2E74003CCFC9 /* TrogonTests.m */,
				6451A38C144B2E74003CCFC9 /* Supporting Files */,
			);
			path = TrogonTests;
			sourceTree = "<group>";
		};
		6451A38C144B2E74003CCFC9 /* Supporting Files */ = {
			isa = PBXGroup;
			children = (
				6451A38D144B2E74003CCFC9 /* TrogonTests-Info.plist */,
				6451A38E144B2E74003CCFC9 /* InfoPlist.strings */,
			);
			name = "Supporting Files";
			sourceTree = "<group>";
		};
/* End PBXGroup section */

/* Begin PBXNativeTarget section */
		6451A363144B2E74003CCFC9 /* Trogon */ = {
			isa = PBXNativeTarget;
			buildConfigurationList = 6451A396144B2E74003CCFC9 /* Build configuration list for PBXNativeTarget "Trogon" */;
			buildPhases = (
				6451A360144B2E74003CCFC9 /* Sources */,
				6451A361144B2E74003CCFC9 /* Frameworks */,
				6451A362144B2E74003CCFC9 /* Resources */,
			);
			buildRules = (
			);
			dependencies = (
			);
			name = Trogon;
			productName = Trogon;
			productReference = 6451A364144B2E74003CCFC9 /* Trogon.app */;
			productType = "com.apple.product-type.application";
		};
		6451A384144B2E74003CCFC9 /* TrogonTests */ = {
			isa = PBXNativeTarget;
			buildConfigurationList = 6451A399144B2E74003CCFC9 /* Build configuration list for PBXNativeTarget "TrogonTests" */;
			buildPhases = (
				6451A380144B2E74003CCFC9 /* Sources */,
				6451A381144B2E74003CCFC9 /* Frameworks */,
				6451A382144B2E74003CCFC9 /* Resources */,
				6451A383144B2E74003CCFC9 /* ShellScript */,
			);
			buildRules = (
			);
			dependencies = (
				6451A38A144B2E74003CCFC9 /* PBXTargetDependency */,
			);
			name = TrogonTests;
			productName = TrogonTests;
			productReference = 6451A385144B2E74003CCFC9 /* TrogonTests.octest */;
			productType = "com.apple.product-type.bundle";
		};
/* End PBXNativeTarget section */

/* Begin PBXProject section */
		6451A35B144B2E74003CCFC9 /* Project object */ = {
			isa = PBXProject;
			attributes = {
				LastUpgradeCheck = 0420;
				ORGANIZATIONNAME = "Lark Software";
			};
			buildConfigurationList = 6451A35E144B2E74003CCFC9 /* Build configuration list for PBXProject "Trogon" */;
			compatibilityVersion = "Xcode 3.2";
			developmentRegion = English;
			hasScannedForEncodings = 0;
			knownRegions = (
				en,
			);
			mainGroup = 6451A359144B2E74003CCFC9;
			productRefGroup = 6451A365144B2E74003CCFC9 /* Products */;
			projectDirPath = "";
			projectRoot = "";
			targets = (
				6451A363144B2E74003CCFC9 /* Trogon */,
				6451A384144B2E74003CCFC9 /* TrogonTests */,
			);
		};
/* End PBXProject section */

/* Begin PBXResourcesBuildPhase section */
		6451A362144B2E74003CCFC9 /* Resources */ = {
			isa = PBXResourcesBuildPhase;
			buildActionMask = 2147483647;
			files = (
				6451A373144B2E74003CCFC9 /* InfoPlist.strings in Resources */,
				6451A379144B2E74003CCFC9 /* Credits.rtf in Resources */,
				6451A37F144B2E74003CCFC9 /* MainMenu.xib in Resources */,
				64170252144BBD3300F7B1F7 /* RubySheet.xib in Resources */,
				647F9F6D144BBD81005F13C1 /* GemsetSheet.xib in Resources */,
				647F9F6F144BBD8E005F13C1 /* GemSheet.xib in Resources */,
				64E790FD144E5F7000741803 /* ProgressSheet.xib in Resources */,
				64E79104144E617600741803 /* check.png in Resources */,
				64E79105144E617600741803 /* error.png in Resources */,
			);
			runOnlyForDeploymentPostprocessing = 0;
		};
		6451A382144B2E74003CCFC9 /* Resources */ = {
			isa = PBXResourcesBuildPhase;
			buildActionMask = 2147483647;
			files = (
				6451A390144B2E74003CCFC9 /* InfoPlist.strings in Resources */,
			);
			runOnlyForDeploymentPostprocessing = 0;
		};
/* End PBXResourcesBuildPhase section */

/* Begin PBXShellScriptBuildPhase section */
		6451A383144B2E74003CCFC9 /* ShellScript */ = {
			isa = PBXShellScriptBuildPhase;
			buildActionMask = 2147483647;
			files = (
			);
			inputPaths = (
			);
			outputPaths = (
			);
			runOnlyForDeploymentPostprocessing = 0;
			shellPath = /bin/sh;
			shellScript = "# Run the unit tests in this test bundle.\n\"${SYSTEM_DEVELOPER_DIR}/Tools/RunUnitTests\"\n";
		};
/* End PBXShellScriptBuildPhase section */

/* Begin PBXSourcesBuildPhase section */
		6451A360144B2E74003CCFC9 /* Sources */ = {
			isa = PBXSourcesBuildPhase;
			buildActionMask = 2147483647;
			files = (
				6451A375144B2E74003CCFC9 /* main.m in Sources */,
				6451A37C144B2E74003CCFC9 /* AppDelegate.m in Sources */,
				6451A39E144B2F01003CCFC9 /* Ruby.m in Sources */,
				64ADDFED144B8E160099E47A /* GemSet.m in Sources */,
				64ADDFF1144B8E1F0099E47A /* Gem.m in Sources */,
				64ADDFFE144B98080099E47A /* NSString+trimLeadingWhitespace.m in Sources */,
				64ADE004144BB1940099E47A /* BackgroundView.m in Sources */,
				64170249144BBC8200F7B1F7 /* RubySheetController.m in Sources */,
				64170250144BBC9B00F7B1F7 /* GemSheetController.m in Sources */,
				647F9F72144BBF88005F13C1 /* GemsetSheetController.m in Sources */,
				64BCECD4144D0CD500D9391F /* NSString+trimTrailingWhitespace.m in Sources */,
				64E790F2144E589C00741803 /* Task.m in Sources */,
				64E79101144E5F8200741803 /* ProgressSheetController.m in Sources */,
				64745954147202820004698B /* GemsetTableView.m in Sources */,
			);
			runOnlyForDeploymentPostprocessing = 0;
		};
		6451A380144B2E74003CCFC9 /* Sources */ = {
			isa = PBXSourcesBuildPhase;
			buildActionMask = 2147483647;
			files = (
				6451A393144B2E74003CCFC9 /* TrogonTests.m in Sources */,
			);
			runOnlyForDeploymentPostprocessing = 0;
		};
/* End PBXSourcesBuildPhase section */

/* Begin PBXTargetDependency section */
		6451A38A144B2E74003CCFC9 /* PBXTargetDependency */ = {
			isa = PBXTargetDependency;
			target = 6451A363144B2E74003CCFC9 /* Trogon */;
			targetProxy = 6451A389144B2E74003CCFC9 /* PBXContainerItemProxy */;
		};
/* End PBXTargetDependency section */

/* Begin PBXVariantGroup section */
		6451A371144B2E74003CCFC9 /* InfoPlist.strings */ = {
			isa = PBXVariantGroup;
			children = (
				6451A372144B2E74003CCFC9 /* en */,
			);
			name = InfoPlist.strings;
			sourceTree = "<group>";
		};
		6451A377144B2E74003CCFC9 /* Credits.rtf */ = {
			isa = PBXVariantGroup;
			children = (
				6451A378144B2E74003CCFC9 /* en */,
			);
			name = Credits.rtf;
			sourceTree = "<group>";
		};
		6451A37D144B2E74003CCFC9 /* MainMenu.xib */ = {
			isa = PBXVariantGroup;
			children = (
				6451A37E144B2E74003CCFC9 /* en */,
			);
			name = MainMenu.xib;
			sourceTree = "<group>";
		};
		6451A38E144B2E74003CCFC9 /* InfoPlist.strings */ = {
			isa = PBXVariantGroup;
			children = (
				6451A38F144B2E74003CCFC9 /* en */,
			);
			name = InfoPlist.strings;
			sourceTree = "<group>";
		};
/* End PBXVariantGroup section */

/* Begin XCBuildConfiguration section */
		6451A394144B2E74003CCFC9 /* Debug */ = {
			isa = XCBuildConfiguration;
			buildSettings = {
				ALWAYS_SEARCH_USER_PATHS = NO;
				ARCHS = "$(ARCHS_STANDARD_64_BIT)";
				CLANG_ENABLE_OBJC_ARC = YES;
				COPY_PHASE_STRIP = NO;
				GCC_C_LANGUAGE_STANDARD = gnu99;
				GCC_DYNAMIC_NO_PIC = NO;
				GCC_ENABLE_OBJC_EXCEPTIONS = YES;
				GCC_OPTIMIZATION_LEVEL = 0;
				GCC_PREPROCESSOR_DEFINITIONS = (
					"DEBUG=1",
					"$(inherited)",
				);
				GCC_SYMBOLS_PRIVATE_EXTERN = NO;
				GCC_VERSION = com.apple.compilers.llvm.clang.1_0;
				GCC_WARN_64_TO_32_BIT_CONVERSION = YES;
				GCC_WARN_ABOUT_MISSING_PROTOTYPES = YES;
				GCC_WARN_ABOUT_RETURN_TYPE = YES;
				GCC_WARN_UNUSED_VARIABLE = YES;
				MACOSX_DEPLOYMENT_TARGET = 10.7;
				ONLY_ACTIVE_ARCH = YES;
				SDKROOT = macosx;
			};
			name = Debug;
		};
		6451A395144B2E74003CCFC9 /* Release */ = {
			isa = XCBuildConfiguration;
			buildSettings = {
				ALWAYS_SEARCH_USER_PATHS = NO;
				ARCHS = "$(ARCHS_STANDARD_64_BIT)";
				CLANG_ENABLE_OBJC_ARC = YES;
				COPY_PHASE_STRIP = YES;
				DEBUG_INFORMATION_FORMAT = "dwarf-with-dsym";
				GCC_C_LANGUAGE_STANDARD = gnu99;
				GCC_ENABLE_OBJC_EXCEPTIONS = YES;
				GCC_VERSION = com.apple.compilers.llvm.clang.1_0;
				GCC_WARN_64_TO_32_BIT_CONVERSION = YES;
				GCC_WARN_ABOUT_MISSING_PROTOTYPES = YES;
				GCC_WARN_ABOUT_RETURN_TYPE = YES;
				GCC_WARN_UNUSED_VARIABLE = YES;
				MACOSX_DEPLOYMENT_TARGET = 10.7;
				SDKROOT = macosx;
			};
			name = Release;
		};
		6451A397144B2E74003CCFC9 /* Debug */ = {
			isa = XCBuildConfiguration;
			buildSettings = {
				GCC_PRECOMPILE_PREFIX_HEADER = YES;
				GCC_PREFIX_HEADER = "Trogon/Trogon-Prefix.pch";
				INFOPLIST_FILE = "Trogon/Trogon-Info.plist";
				PRODUCT_NAME = "$(TARGET_NAME)";
				WRAPPER_EXTENSION = app;
			};
			name = Debug;
		};
		6451A398144B2E74003CCFC9 /* Release */ = {
			isa = XCBuildConfiguration;
			buildSettings = {
				GCC_PRECOMPILE_PREFIX_HEADER = YES;
				GCC_PREFIX_HEADER = "Trogon/Trogon-Prefix.pch";
				INFOPLIST_FILE = "Trogon/Trogon-Info.plist";
				PRODUCT_NAME = "$(TARGET_NAME)";
				WRAPPER_EXTENSION = app;
			};
			name = Release;
		};
		6451A39A144B2E74003CCFC9 /* Debug */ = {
			isa = XCBuildConfiguration;
			buildSettings = {
				BUNDLE_LOADER = "$(BUILT_PRODUCTS_DIR)/Trogon.app/Contents/MacOS/Trogon";
				FRAMEWORK_SEARCH_PATHS = "$(DEVELOPER_LIBRARY_DIR)/Frameworks";
				GCC_PRECOMPILE_PREFIX_HEADER = YES;
				GCC_PREFIX_HEADER = "Trogon/Trogon-Prefix.pch";
				INFOPLIST_FILE = "TrogonTests/TrogonTests-Info.plist";
				PRODUCT_NAME = "$(TARGET_NAME)";
				TEST_HOST = "$(BUNDLE_LOADER)";
				WRAPPER_EXTENSION = octest;
			};
			name = Debug;
		};
		6451A39B144B2E74003CCFC9 /* Release */ = {
			isa = XCBuildConfiguration;
			buildSettings = {
				BUNDLE_LOADER = "$(BUILT_PRODUCTS_DIR)/Trogon.app/Contents/MacOS/Trogon";
				FRAMEWORK_SEARCH_PATHS = "$(DEVELOPER_LIBRARY_DIR)/Frameworks";
				GCC_PRECOMPILE_PREFIX_HEADER = YES;
				GCC_PREFIX_HEADER = "Trogon/Trogon-Prefix.pch";
				INFOPLIST_FILE = "TrogonTests/TrogonTests-Info.plist";
				PRODUCT_NAME = "$(TARGET_NAME)";
				TEST_HOST = "$(BUNDLE_LOADER)";
				WRAPPER_EXTENSION = octest;
			};
			name = Release;
		};
/* End XCBuildConfiguration section */

/* Begin XCConfigurationList section */
		6451A35E144B2E74003CCFC9 /* Build configuration list for PBXProject "Trogon" */ = {
			isa = XCConfigurationList;
			buildConfigurations = (
				6451A394144B2E74003CCFC9 /* Debug */,
				6451A395144B2E74003CCFC9 /* Release */,
			);
			defaultConfigurationIsVisible = 0;
			defaultConfigurationName = Release;
		};
		6451A396144B2E74003CCFC9 /* Build configuration list for PBXNativeTarget "Trogon" */ = {
			isa = XCConfigurationList;
			buildConfigurations = (
				6451A397144B2E74003CCFC9 /* Debug */,
				6451A398144B2E74003CCFC9 /* Release */,
			);
			defaultConfigurationIsVisible = 0;
			defaultConfigurationName = Release;
		};
		6451A399144B2E74003CCFC9 /* Build configuration list for PBXNativeTarget "TrogonTests" */ = {
			isa = XCConfigurationList;
			buildConfigurations = (
				6451A39A144B2E74003CCFC9 /* Debug */,
				6451A39B144B2E74003CCFC9 /* Release */,
			);
			defaultConfigurationIsVisible = 0;
			defaultConfigurationName = Release;
		};
/* End XCConfigurationList section */
	};
	rootObject = 6451A35B144B2E74003CCFC9 /* Project object */;
}
