// !$*UTF8*$!
{
	archiveVersion = 1;
	classes = {
	};
	objectVersion = 46;
	objects = {

/* Begin PBXBuildFile section */
		64072FAB14DD784300B78DD8 /* terminal.icns in Resources */ = {isa = PBXBuildFile; fileRef = 64072FAA14DD784300B78DD8 /* terminal.icns */; };
		64072FB014DDBD1600B78DD8 /* rvmrc.icns in Resources */ = {isa = PBXBuildFile; fileRef = 64072FAF14DDBD1600B78DD8 /* rvmrc.icns */; };
		64072FB214DDF19000B78DD8 /* ruby_doc.icns in Resources */ = {isa = PBXBuildFile; fileRef = 64072FB114DDF19000B78DD8 /* ruby_doc.icns */; };
		64170249144BBC8200F7B1F7 /* RubySheetController.m in Sources */ = {isa = PBXBuildFile; fileRef = 64170248144BBC8200F7B1F7 /* RubySheetController.m */; };
		64170250144BBC9B00F7B1F7 /* GemSheetController.m in Sources */ = {isa = PBXBuildFile; fileRef = 6417024F144BBC9B00F7B1F7 /* GemSheetController.m */; };
		64170252144BBD3300F7B1F7 /* RubySheet.xib in Resources */ = {isa = PBXBuildFile; fileRef = 64170251144BBD3300F7B1F7 /* RubySheet.xib */; };
		641C276914DECD3D000E4BAA /* GemServerSheet.xib in Resources */ = {isa = PBXBuildFile; fileRef = 641C276814DECD3D000E4BAA /* GemServerSheet.xib */; };
		641C276D14DECD62000E4BAA /* GemServerSheetController.m in Sources */ = {isa = PBXBuildFile; fileRef = 641C276C14DECD62000E4BAA /* GemServerSheetController.m */; };
		64232A271691F0A1008479FF /* RubyDocSheet.xib in Resources */ = {isa = PBXBuildFile; fileRef = 64232A261691F0A1008479FF /* RubyDocSheet.xib */; };
		64232A5F1691F8FA008479FF /* Foundation.framework in Frameworks */ = {isa = PBXBuildFile; fileRef = 64232A3A1691F672008479FF /* Foundation.framework */; };
		64232A621691F8FA008479FF /* main.m in Sources */ = {isa = PBXBuildFile; fileRef = 64232A611691F8FA008479FF /* main.m */; };
		6424C0CB169205EF00C13F15 /* Security.framework in Frameworks */ = {isa = PBXBuildFile; fileRef = 6424C0CA169205EF00C13F15 /* Security.framework */; };
		6424C0CE169205F900C13F15 /* ServiceManagement.framework in Frameworks */ = {isa = PBXBuildFile; fileRef = 6424C0CD169205F900C13F15 /* ServiceManagement.framework */; };
		6424C0D016920EA400C13F15 /* com.lark.software.TrogonHelper in CopyFiles */ = {isa = PBXBuildFile; fileRef = 64232A5D1691F8FA008479FF /* com.lark.software.TrogonHelper */; };
		64362A5714DDF7A900B3A89F /* RubyDocSheetController.m in Sources */ = {isa = PBXBuildFile; fileRef = 64362A5614DDF7A900B3A89F /* RubyDocSheetController.m */; };
		6451A369144B2E74003CCFC9 /* Cocoa.framework in Frameworks */ = {isa = PBXBuildFile; fileRef = 6451A368144B2E74003CCFC9 /* Cocoa.framework */; };
		6451A373144B2E74003CCFC9 /* InfoPlist.strings in Resources */ = {isa = PBXBuildFile; fileRef = 6451A371144B2E74003CCFC9 /* InfoPlist.strings */; };
		6451A375144B2E74003CCFC9 /* main.m in Sources */ = {isa = PBXBuildFile; fileRef = 6451A374144B2E74003CCFC9 /* main.m */; };
		6451A379144B2E74003CCFC9 /* Credits.rtf in Resources */ = {isa = PBXBuildFile; fileRef = 6451A377144B2E74003CCFC9 /* Credits.rtf */; };
		6451A37C144B2E74003CCFC9 /* AppDelegate.m in Sources */ = {isa = PBXBuildFile; fileRef = 6451A37B144B2E74003CCFC9 /* AppDelegate.m */; };
		6451A37F144B2E74003CCFC9 /* MainMenu.xib in Resources */ = {isa = PBXBuildFile; fileRef = 6451A37D144B2E74003CCFC9 /* MainMenu.xib */; };
		6451A387144B2E74003CCFC9 /* SenTestingKit.framework in Frameworks */ = {isa = PBXBuildFile; fileRef = 6451A386144B2E74003CCFC9 /* SenTestingKit.framework */; };
		6451A388144B2E74003CCFC9 /* Cocoa.framework in Frameworks */ = {isa = PBXBuildFile; fileRef = 6451A368144B2E74003CCFC9 /* Cocoa.framework */; };
		6451A390144B2E74003CCFC9 /* InfoPlist.strings in Resources */ = {isa = PBXBuildFile; fileRef = 6451A38E144B2E74003CCFC9 /* InfoPlist.strings */; };
		6451A393144B2E74003CCFC9 /* TrogonTests.m in Sources */ = {isa = PBXBuildFile; fileRef = 6451A392144B2E74003CCFC9 /* TrogonTests.m */; };
		6451A39E144B2F01003CCFC9 /* Ruby.m in Sources */ = {isa = PBXBuildFile; fileRef = 6451A39D144B2F01003CCFC9 /* Ruby.m */; };
		6463479616952D4F00355FF7 /* ScriptQueue.m in Sources */ = {isa = PBXBuildFile; fileRef = 6463478F16952D4F00355FF7 /* ScriptQueue.m */; };
		6463479716952D4F00355FF7 /* ScriptStep.m in Sources */ = {isa = PBXBuildFile; fileRef = 6463479116952D4F00355FF7 /* ScriptStep.m */; };
		6463479816952D4F00355FF7 /* TaskHandler.m in Sources */ = {isa = PBXBuildFile; fileRef = 6463479316952D4F00355FF7 /* TaskHandler.m */; };
		6463479916952D4F00355FF7 /* TaskStep.m in Sources */ = {isa = PBXBuildFile; fileRef = 6463479516952D4F00355FF7 /* TaskStep.m */; };
		64745954147202820004698B /* GemsetTableView.m in Sources */ = {isa = PBXBuildFile; fileRef = 64745953147202820004698B /* GemsetTableView.m */; };
		647F9F6D144BBD81005F13C1 /* GemsetSheet.xib in Resources */ = {isa = PBXBuildFile; fileRef = 647F9F6C144BBD81005F13C1 /* GemsetSheet.xib */; };
		647F9F6F144BBD8E005F13C1 /* GemSheet.xib in Resources */ = {isa = PBXBuildFile; fileRef = 647F9F6E144BBD8E005F13C1 /* GemSheet.xib */; };
		647F9F72144BBF88005F13C1 /* GemsetSheetController.m in Sources */ = {isa = PBXBuildFile; fileRef = 647F9F71144BBF88005F13C1 /* GemsetSheetController.m */; };
		64ADDFED144B8E160099E47A /* GemSet.m in Sources */ = {isa = PBXBuildFile; fileRef = 64ADDFEC144B8E160099E47A /* GemSet.m */; };
		64ADDFF1144B8E1F0099E47A /* Gem.m in Sources */ = {isa = PBXBuildFile; fileRef = 64ADDFF0144B8E1F0099E47A /* Gem.m */; };
		64ADDFFE144B98080099E47A /* NSString+trimLeadingWhitespace.m in Sources */ = {isa = PBXBuildFile; fileRef = 64ADDFFD144B98080099E47A /* NSString+trimLeadingWhitespace.m */; };
		64ADE004144BB1940099E47A /* BackgroundView.m in Sources */ = {isa = PBXBuildFile; fileRef = 64ADE003144BB1940099E47A /* BackgroundView.m */; };
		64B3176014DB7BA800350DC3 /* RvmSheet.xib in Resources */ = {isa = PBXBuildFile; fileRef = 64B3175F14DB7BA800350DC3 /* RvmSheet.xib */; };
		64B3176314DB7BD500350DC3 /* RvmSheetController.m in Sources */ = {isa = PBXBuildFile; fileRef = 64B3176214DB7BD500350DC3 /* RvmSheetController.m */; };
		64BCECD4144D0CD500D9391F /* NSString+trimTrailingWhitespace.m in Sources */ = {isa = PBXBuildFile; fileRef = 64BCECD3144D0CD500D9391F /* NSString+trimTrailingWhitespace.m */; };
		64D7A35F1693E08600BB6FAD /* trogon.iconset in Resources */ = {isa = PBXBuildFile; fileRef = 64D7A35E1693E08600BB6FAD /* trogon.iconset */; };
		64E790FD144E5F7000741803 /* ProgressSheet.xib in Resources */ = {isa = PBXBuildFile; fileRef = 64E790FC144E5F7000741803 /* ProgressSheet.xib */; };
		64E79101144E5F8200741803 /* ProgressSheetController.m in Sources */ = {isa = PBXBuildFile; fileRef = 64E79100144E5F8200741803 /* ProgressSheetController.m */; };
/* End PBXBuildFile section */

/* Begin PBXContainerItemProxy section */
		6451A389144B2E74003CCFC9 /* PBXContainerItemProxy */ = {
			isa = PBXContainerItemProxy;
			containerPortal = 6451A35B144B2E74003CCFC9 /* Project object */;
			proxyType = 1;
			remoteGlobalIDString = 6451A363144B2E74003CCFC9;
			remoteInfo = Trogon;
		};
		64945BE0169338C400C009D7 /* PBXContainerItemProxy */ = {
			isa = PBXContainerItemProxy;
			containerPortal = 6451A35B144B2E74003CCFC9 /* Project object */;
			proxyType = 1;
			remoteGlobalIDString = 64232A5C1691F8FA008479FF;
			remoteInfo = com.lark.software.TrogonHelper;
		};
/* End PBXContainerItemProxy section */

/* Begin PBXCopyFilesBuildPhase section */
		64232A5B1691F8FA008479FF /* CopyFiles */ = {
			isa = PBXCopyFilesBuildPhase;
			buildActionMask = 2147483647;
			dstPath = /usr/share/man/man1/;
			dstSubfolderSpec = 0;
			files = (
			);
			runOnlyForDeploymentPostprocessing = 1;
		};
		6424C0CF16920E8100C13F15 /* CopyFiles */ = {
			isa = PBXCopyFilesBuildPhase;
			buildActionMask = 2147483647;
			dstPath = Contents/Library/LaunchServices;
			dstSubfolderSpec = 1;
			files = (
				6424C0D016920EA400C13F15 /* com.lark.software.TrogonHelper in CopyFiles */,
			);
			runOnlyForDeploymentPostprocessing = 0;
		};
/* End PBXCopyFilesBuildPhase section */

/* Begin PBXFileReference section */
		64072FAA14DD784300B78DD8 /* terminal.icns */ = {isa = PBXFileReference; lastKnownFileType = image.icns; path = terminal.icns; sourceTree = "<group>"; };
		64072FAF14DDBD1600B78DD8 /* rvmrc.icns */ = {isa = PBXFileReference; lastKnownFileType = image.icns; path = rvmrc.icns; sourceTree = "<group>"; };
		64072FB114DDF19000B78DD8 /* ruby_doc.icns */ = {isa = PBXFileReference; lastKnownFileType = image.icns; path = ruby_doc.icns; sourceTree = "<group>"; };
		64170247144BBC8200F7B1F7 /* RubySheetController.h */ = {isa = PBXFileReference; fileEncoding = 4; lastKnownFileType = sourcecode.c.h; path = RubySheetController.h; sourceTree = "<group>"; };
		64170248144BBC8200F7B1F7 /* RubySheetController.m */ = {isa = PBXFileReference; fileEncoding = 4; lastKnownFileType = sourcecode.c.objc; path = RubySheetController.m; sourceTree = "<group>"; };
		6417024E144BBC9B00F7B1F7 /* GemSheetController.h */ = {isa = PBXFileReference; fileEncoding = 4; lastKnownFileType = sourcecode.c.h; path = GemSheetController.h; sourceTree = "<group>"; };
		6417024F144BBC9B00F7B1F7 /* GemSheetController.m */ = {isa = PBXFileReference; fileEncoding = 4; lastKnownFileType = sourcecode.c.objc; path = GemSheetController.m; sourceTree = "<group>"; };
		64170251144BBD3300F7B1F7 /* RubySheet.xib */ = {isa = PBXFileReference; fileEncoding = 4; lastKnownFileType = file.xib; path = RubySheet.xib; sourceTree = "<group>"; };
		641C276814DECD3D000E4BAA /* GemServerSheet.xib */ = {isa = PBXFileReference; fileEncoding = 4; lastKnownFileType = file.xib; path = GemServerSheet.xib; sourceTree = "<group>"; };
		641C276B14DECD62000E4BAA /* GemServerSheetController.h */ = {isa = PBXFileReference; fileEncoding = 4; lastKnownFileType = sourcecode.c.h; path = GemServerSheetController.h; sourceTree = "<group>"; };
		641C276C14DECD62000E4BAA /* GemServerSheetController.m */ = {isa = PBXFileReference; fileEncoding = 4; lastKnownFileType = sourcecode.c.objc; path = GemServerSheetController.m; sourceTree = "<group>"; };
		64232A261691F0A1008479FF /* RubyDocSheet.xib */ = {isa = PBXFileReference; fileEncoding = 4; lastKnownFileType = file.xib; path = RubyDocSheet.xib; sourceTree = "<group>"; };
		64232A3A1691F672008479FF /* Foundation.framework */ = {isa = PBXFileReference; lastKnownFileType = wrapper.framework; name = Foundation.framework; path = System/Library/Frameworks/Foundation.framework; sourceTree = SDKROOT; };
		64232A5D1691F8FA008479FF /* com.lark.software.TrogonHelper */ = {isa = PBXFileReference; explicitFileType = "compiled.mach-o.executable"; includeInIndex = 0; path = com.lark.software.TrogonHelper; sourceTree = BUILT_PRODUCTS_DIR; };
		64232A611691F8FA008479FF /* main.m */ = {isa = PBXFileReference; lastKnownFileType = sourcecode.c.objc; path = main.m; sourceTree = "<group>"; };
		64232A641691F8FA008479FF /* TrogonHelper-Prefix.pch */ = {isa = PBXFileReference; lastKnownFileType = sourcecode.c.h; path = "TrogonHelper-Prefix.pch"; sourceTree = "<group>"; };
		64232A6F1691F964008479FF /* TrogonHelper-Info.plist */ = {isa = PBXFileReference; fileEncoding = 4; lastKnownFileType = text.plist.xml; path = "TrogonHelper-Info.plist"; sourceTree = "<group>"; };
		64232A711691F981008479FF /* TrogonHelper-Launchd.plist */ = {isa = PBXFileReference; fileEncoding = 4; lastKnownFileType = text.plist.xml; path = "TrogonHelper-Launchd.plist"; sourceTree = "<group>"; };
		6424C0CA169205EF00C13F15 /* Security.framework */ = {isa = PBXFileReference; lastKnownFileType = wrapper.framework; name = Security.framework; path = System/Library/Frameworks/Security.framework; sourceTree = SDKROOT; };
		6424C0CD169205F900C13F15 /* ServiceManagement.framework */ = {isa = PBXFileReference; lastKnownFileType = wrapper.framework; name = ServiceManagement.framework; path = System/Library/Frameworks/ServiceManagement.framework; sourceTree = SDKROOT; };
		64362A5514DDF7A900B3A89F /* RubyDocSheetController.h */ = {isa = PBXFileReference; fileEncoding = 4; lastKnownFileType = sourcecode.c.h; path = RubyDocSheetController.h; sourceTree = "<group>"; };
		64362A5614DDF7A900B3A89F /* RubyDocSheetController.m */ = {isa = PBXFileReference; fileEncoding = 4; lastKnownFileType = sourcecode.c.objc; path = RubyDocSheetController.m; sourceTree = "<group>"; };
		6451A364144B2E74003CCFC9 /* Trogon.app */ = {isa = PBXFileReference; explicitFileType = wrapper.application; includeInIndex = 0; path = Trogon.app; sourceTree = BUILT_PRODUCTS_DIR; };
		6451A368144B2E74003CCFC9 /* Cocoa.framework */ = {isa = PBXFileReference; lastKnownFileType = wrapper.framework; name = Cocoa.framework; path = System/Library/Frameworks/Cocoa.framework; sourceTree = SDKROOT; };
		6451A36B144B2E74003CCFC9 /* AppKit.framework */ = {isa = PBXFileReference; lastKnownFileType = wrapper.framework; name = AppKit.framework; path = System/Library/Frameworks/AppKit.framework; sourceTree = SDKROOT; };
		6451A36C144B2E74003CCFC9 /* CoreData.framework */ = {isa = PBXFileReference; lastKnownFileType = wrapper.framework; name = CoreData.framework; path = System/Library/Frameworks/CoreData.framework; sourceTree = SDKROOT; };
		6451A36D144B2E74003CCFC9 /* Foundation.framework */ = {isa = PBXFileReference; lastKnownFileType = wrapper.framework; name = Foundation.framework; path = System/Library/Frameworks/Foundation.framework; sourceTree = SDKROOT; };
		6451A370144B2E74003CCFC9 /* Trogon-Info.plist */ = {isa = PBXFileReference; lastKnownFileType = text.plist.xml; path = "Trogon-Info.plist"; sourceTree = "<group>"; };
		6451A372144B2E74003CCFC9 /* en */ = {isa = PBXFileReference; lastKnownFileType = text.plist.strings; name = en; path = en.lproj/InfoPlist.strings; sourceTree = "<group>"; };
		6451A374144B2E74003CCFC9 /* main.m */ = {isa = PBXFileReference; lastKnownFileType = sourcecode.c.objc; path = main.m; sourceTree = "<group>"; };
		6451A376144B2E74003CCFC9 /* Trogon-Prefix.pch */ = {isa = PBXFileReference; lastKnownFileType = sourcecode.c.h; path = "Trogon-Prefix.pch"; sourceTree = "<group>"; };
		6451A378144B2E74003CCFC9 /* en */ = {isa = PBXFileReference; lastKnownFileType = text.rtf; name = en; path = en.lproj/Credits.rtf; sourceTree = "<group>"; };
		6451A37A144B2E74003CCFC9 /* AppDelegate.h */ = {isa = PBXFileReference; lastKnownFileType = sourcecode.c.h; path = AppDelegate.h; sourceTree = "<group>"; };
		6451A37B144B2E74003CCFC9 /* AppDelegate.m */ = {isa = PBXFileReference; lastKnownFileType = sourcecode.c.objc; path = AppDelegate.m; sourceTree = "<group>"; };
		6451A37E144B2E74003CCFC9 /* en */ = {isa = PBXFileReference; lastKnownFileType = file.xib; name = en; path = en.lproj/MainMenu.xib; sourceTree = "<group>"; };
		6451A385144B2E74003CCFC9 /* TrogonTests.octest */ = {isa = PBXFileReference; explicitFileType = wrapper.cfbundle; includeInIndex = 0; path = TrogonTests.octest; sourceTree = BUILT_PRODUCTS_DIR; };
		6451A386144B2E74003CCFC9 /* SenTestingKit.framework */ = {isa = PBXFileReference; lastKnownFileType = wrapper.framework; name = SenTestingKit.framework; path = Library/Frameworks/SenTestingKit.framework; sourceTree = DEVELOPER_DIR; };
		6451A38D144B2E74003CCFC9 /* TrogonTests-Info.plist */ = {isa = PBXFileReference; lastKnownFileType = text.plist.xml; path = "TrogonTests-Info.plist"; sourceTree = "<group>"; };
		6451A38F144B2E74003CCFC9 /* en */ = {isa = PBXFileReference; lastKnownFileType = text.plist.strings; name = en; path = en.lproj/InfoPlist.strings; sourceTree = "<group>"; };
		6451A391144B2E74003CCFC9 /* TrogonTests.h */ = {isa = PBXFileReference; lastKnownFileType = sourcecode.c.h; path = TrogonTests.h; sourceTree = "<group>"; };
		6451A392144B2E74003CCFC9 /* TrogonTests.m */ = {isa = PBXFileReference; lastKnownFileType = sourcecode.c.objc; path = TrogonTests.m; sourceTree = "<group>"; };
		6451A39C144B2F01003CCFC9 /* Ruby.h */ = {isa = PBXFileReference; fileEncoding = 4; lastKnownFileType = sourcecode.c.h; path = Ruby.h; sourceTree = "<group>"; };
		6451A39D144B2F01003CCFC9 /* Ruby.m */ = {isa = PBXFileReference; fileEncoding = 4; lastKnownFileType = sourcecode.c.objc; path = Ruby.m; sourceTree = "<group>"; };
		6463478E16952D4F00355FF7 /* ScriptQueue.h */ = {isa = PBXFileReference; fileEncoding = 4; lastKnownFileType = sourcecode.c.h; path = ScriptQueue.h; sourceTree = "<group>"; };
		6463478F16952D4F00355FF7 /* ScriptQueue.m */ = {isa = PBXFileReference; fileEncoding = 4; lastKnownFileType = sourcecode.c.objc; path = ScriptQueue.m; sourceTree = "<group>"; };
		6463479016952D4F00355FF7 /* ScriptStep.h */ = {isa = PBXFileReference; fileEncoding = 4; lastKnownFileType = sourcecode.c.h; path = ScriptStep.h; sourceTree = "<group>"; };
		6463479116952D4F00355FF7 /* ScriptStep.m */ = {isa = PBXFileReference; fileEncoding = 4; lastKnownFileType = sourcecode.c.objc; path = ScriptStep.m; sourceTree = "<group>"; };
		6463479216952D4F00355FF7 /* TaskHandler.h */ = {isa = PBXFileReference; fileEncoding = 4; lastKnownFileType = sourcecode.c.h; path = TaskHandler.h; sourceTree = "<group>"; };
		6463479316952D4F00355FF7 /* TaskHandler.m */ = {isa = PBXFileReference; fileEncoding = 4; lastKnownFileType = sourcecode.c.objc; path = TaskHandler.m; sourceTree = "<group>"; };
		6463479416952D4F00355FF7 /* TaskStep.h */ = {isa = PBXFileReference; fileEncoding = 4; lastKnownFileType = sourcecode.c.h; path = TaskStep.h; sourceTree = "<group>"; };
		6463479516952D4F00355FF7 /* TaskStep.m */ = {isa = PBXFileReference; fileEncoding = 4; lastKnownFileType = sourcecode.c.objc; path = TaskStep.m; sourceTree = "<group>"; };
		64745952147202820004698B /* GemsetTableView.h */ = {isa = PBXFileReference; fileEncoding = 4; lastKnownFileType = sourcecode.c.h; path = GemsetTableView.h; sourceTree = "<group>"; };
		64745953147202820004698B /* GemsetTableView.m */ = {isa = PBXFileReference; fileEncoding = 4; lastKnownFileType = sourcecode.c.objc; path = GemsetTableView.m; sourceTree = "<group>"; };
		647F9F6C144BBD81005F13C1 /* GemsetSheet.xib */ = {isa = PBXFileReference; fileEncoding = 4; lastKnownFileType = file.xib; path = GemsetSheet.xib; sourceTree = "<group>"; };
		647F9F6E144BBD8E005F13C1 /* GemSheet.xib */ = {isa = PBXFileReference; fileEncoding = 4; lastKnownFileType = file.xib; path = GemSheet.xib; sourceTree = "<group>"; };
		647F9F70144BBF88005F13C1 /* GemsetSheetController.h */ = {isa = PBXFileReference; fileEncoding = 4; lastKnownFileType = sourcecode.c.h; path = GemsetSheetController.h; sourceTree = "<group>"; };
		647F9F71144BBF88005F13C1 /* GemsetSheetController.m */ = {isa = PBXFileReference; fileEncoding = 4; lastKnownFileType = sourcecode.c.objc; path = GemsetSheetController.m; sourceTree = "<group>"; };
		64ADDFEB144B8E160099E47A /* GemSet.h */ = {isa = PBXFileReference; fileEncoding = 4; lastKnownFileType = sourcecode.c.h; path = GemSet.h; sourceTree = "<group>"; };
		64ADDFEC144B8E160099E47A /* GemSet.m */ = {isa = PBXFileReference; fileEncoding = 4; lastKnownFileType = sourcecode.c.objc; path = GemSet.m; sourceTree = "<group>"; };
		64ADDFEF144B8E1F0099E47A /* Gem.h */ = {isa = PBXFileReference; fileEncoding = 4; lastKnownFileType = sourcecode.c.h; path = Gem.h; sourceTree = "<group>"; };
		64ADDFF0144B8E1F0099E47A /* Gem.m */ = {isa = PBXFileReference; fileEncoding = 4; lastKnownFileType = sourcecode.c.objc; path = Gem.m; sourceTree = "<group>"; };
		64ADDFFC144B98080099E47A /* NSString+trimLeadingWhitespace.h */ = {isa = PBXFileReference; fileEncoding = 4; lastKnownFileType = sourcecode.c.h; path = "NSString+trimLeadingWhitespace.h"; sourceTree = "<group>"; };
		64ADDFFD144B98080099E47A /* NSString+trimLeadingWhitespace.m */ = {isa = PBXFileReference; fileEncoding = 4; lastKnownFileType = sourcecode.c.objc; path = "NSString+trimLeadingWhitespace.m"; sourceTree = "<group>"; };
		64ADE002144BB1940099E47A /* BackgroundView.h */ = {isa = PBXFileReference; fileEncoding = 4; lastKnownFileType = sourcecode.c.h; path = BackgroundView.h; sourceTree = "<group>"; };
		64ADE003144BB1940099E47A /* BackgroundView.m */ = {isa = PBXFileReference; fileEncoding = 4; lastKnownFileType = sourcecode.c.objc; path = BackgroundView.m; sourceTree = "<group>"; };
		64B3175F14DB7BA800350DC3 /* RvmSheet.xib */ = {isa = PBXFileReference; fileEncoding = 4; lastKnownFileType = file.xib; path = RvmSheet.xib; sourceTree = "<group>"; };
		64B3176114DB7BD500350DC3 /* RvmSheetController.h */ = {isa = PBXFileReference; fileEncoding = 4; lastKnownFileType = sourcecode.c.h; path = RvmSheetController.h; sourceTree = "<group>"; };
		64B3176214DB7BD500350DC3 /* RvmSheetController.m */ = {isa = PBXFileReference; fileEncoding = 4; lastKnownFileType = sourcecode.c.objc; path = RvmSheetController.m; sourceTree = "<group>"; };
		64BCECD2144D0CD500D9391F /* NSString+trimTrailingWhitespace.h */ = {isa = PBXFileReference; fileEncoding = 4; lastKnownFileType = sourcecode.c.h; path = "NSString+trimTrailingWhitespace.h"; sourceTree = "<group>"; };
		64BCECD3144D0CD500D9391F /* NSString+trimTrailingWhitespace.m */ = {isa = PBXFileReference; fileEncoding = 4; lastKnownFileType = sourcecode.c.objc; path = "NSString+trimTrailingWhitespace.m"; sourceTree = "<group>"; };
		64D7A35E1693E08600BB6FAD /* trogon.iconset */ = {isa = PBXFileReference; lastKnownFileType = folder.iconset; path = trogon.iconset; sourceTree = "<group>"; };
		64E790FC144E5F7000741803 /* ProgressSheet.xib */ = {isa = PBXFileReference; fileEncoding = 4; lastKnownFileType = file.xib; path = ProgressSheet.xib; sourceTree = "<group>"; };
		64E790FF144E5F8200741803 /* ProgressSheetController.h */ = {isa = PBXFileReference; fileEncoding = 4; lastKnownFileType = sourcecode.c.h; path = ProgressSheetController.h; sourceTree = "<group>"; };
		64E79100144E5F8200741803 /* ProgressSheetController.m */ = {isa = PBXFileReference; fileEncoding = 4; lastKnownFileType = sourcecode.c.objc; path = ProgressSheetController.m; sourceTree = "<group>"; };
/* End PBXFileReference section */

/* Begin PBXFrameworksBuildPhase section */
		64232A5A1691F8FA008479FF /* Frameworks */ = {
			isa = PBXFrameworksBuildPhase;
			buildActionMask = 2147483647;
			files = (
				64232A5F1691F8FA008479FF /* Foundation.framework in Frameworks */,
			);
			runOnlyForDeploymentPostprocessing = 0;
		};
		6451A361144B2E74003CCFC9 /* Frameworks */ = {
			isa = PBXFrameworksBuildPhase;
			buildActionMask = 2147483647;
			files = (
				6451A369144B2E74003CCFC9 /* Cocoa.framework in Frameworks */,
				6424C0CB169205EF00C13F15 /* Security.framework in Frameworks */,
				6424C0CE169205F900C13F15 /* ServiceManagement.framework in Frameworks */,
			);
			runOnlyForDeploymentPostprocessing = 0;
		};
		6451A381144B2E74003CCFC9 /* Frameworks */ = {
			isa = PBXFrameworksBuildPhase;
			buildActionMask = 2147483647;
			files = (
				6451A387144B2E74003CCFC9 /* SenTestingKit.framework in Frameworks */,
				6451A388144B2E74003CCFC9 /* Cocoa.framework in Frameworks */,
			);
			runOnlyForDeploymentPostprocessing = 0;
		};
/* End PBXFrameworksBuildPhase section */

/* Begin PBXGroup section */
		64232A601691F8FA008479FF /* TrogonHelper */ = {
			isa = PBXGroup;
			children = (
				64232A6F1691F964008479FF /* TrogonHelper-Info.plist */,
				64232A711691F981008479FF /* TrogonHelper-Launchd.plist */,
				64232A611691F8FA008479FF /* main.m */,
				64232A631691F8FA008479FF /* Supporting Files */,
			);
			path = TrogonHelper;
			sourceTree = "<group>";
		};
		64232A631691F8FA008479FF /* Supporting Files */ = {
			isa = PBXGroup;
			children = (
				64232A641691F8FA008479FF /* TrogonHelper-Prefix.pch */,
			);
			name = "Supporting Files";
			sourceTree = "<group>";
		};
		6451A359144B2E74003CCFC9 = {
			isa = PBXGroup;
			children = (
				64232A601691F8FA008479FF /* TrogonHelper */,
				6451A367144B2E74003CCFC9 /* Frameworks */,
				6451A365144B2E74003CCFC9 /* Products */,
				6451A36E144B2E74003CCFC9 /* Trogon */,
				6451A38B144B2E74003CCFC9 /* TrogonTests */,
			);
			sourceTree = "<group>";
		};
		6451A365144B2E74003CCFC9 /* Products */ = {
			isa = PBXGroup;
			children = (
				6451A364144B2E74003CCFC9 /* Trogon.app */,
				6451A385144B2E74003CCFC9 /* TrogonTests.octest */,
				64232A5D1691F8FA008479FF /* com.lark.software.TrogonHelper */,
			);
			name = Products;
			sourceTree = "<group>";
		};
		6451A367144B2E74003CCFC9 /* Frameworks */ = {
			isa = PBXGroup;
			children = (
				6424C0CA169205EF00C13F15 /* Security.framework */,
				6424C0CD169205F900C13F15 /* ServiceManagement.framework */,
				6451A368144B2E74003CCFC9 /* Cocoa.framework */,
				6451A386144B2E74003CCFC9 /* SenTestingKit.framework */,
				64232A3A1691F672008479FF /* Foundation.framework */,
				6451A36A144B2E74003CCFC9 /* Other Frameworks */,
			);
			name = Frameworks;
			sourceTree = "<group>";
		};
		6451A36A144B2E74003CCFC9 /* Other Frameworks */ = {
			isa = PBXGroup;
			children = (
				6451A36B144B2E74003CCFC9 /* AppKit.framework */,
				6451A36C144B2E74003CCFC9 /* CoreData.framework */,
				6451A36D144B2E74003CCFC9 /* Foundation.framework */,
			);
			name = "Other Frameworks";
			sourceTree = "<group>";
		};
		6451A36E144B2E74003CCFC9 /* Trogon */ = {
			isa = PBXGroup;
			children = (
				6463478D16952CF300355FF7 /* Utility Classes */,
				64C7757C15BC905F00611D74 /* Controllers */,
				64C7757B15BC905A00611D74 /* Views */,
				64C7757915BC905200611D74 /* Models */,
				6451A36F144B2E74003CCFC9 /* Supporting Files */,
			);
			path = Trogon;
			sourceTree = "<group>";
		};
		6451A36F144B2E74003CCFC9 /* Supporting Files */ = {
			isa = PBXGroup;
			children = (
				64D7A35E1693E08600BB6FAD /* trogon.iconset */,
				6451A377144B2E74003CCFC9 /* Credits.rtf */,
				6451A371144B2E74003CCFC9 /* InfoPlist.strings */,
				6451A374144B2E74003CCFC9 /* main.m */,
				64ADDFFC144B98080099E47A /* NSString+trimLeadingWhitespace.h */,
				64ADDFFD144B98080099E47A /* NSString+trimLeadingWhitespace.m */,
				64BCECD2144D0CD500D9391F /* NSString+trimTrailingWhitespace.h */,
				64BCECD3144D0CD500D9391F /* NSString+trimTrailingWhitespace.m */,
				64072FB114DDF19000B78DD8 /* ruby_doc.icns */,
				64072FAF14DDBD1600B78DD8 /* rvmrc.icns */,
				64072FAA14DD784300B78DD8 /* terminal.icns */,
				6451A370144B2E74003CCFC9 /* Trogon-Info.plist */,
				6451A376144B2E74003CCFC9 /* Trogon-Prefix.pch */,
			);
			name = "Supporting Files";
			sourceTree = "<group>";
		};
		6451A38B144B2E74003CCFC9 /* TrogonTests */ = {
			isa = PBXGroup;
			children = (
				6451A391144B2E74003CCFC9 /* TrogonTests.h */,
				6451A392144B2E74003CCFC9 /* TrogonTests.m */,
				6451A38C144B2E74003CCFC9 /* Supporting Files */,
			);
			path = TrogonTests;
			sourceTree = "<group>";
		};
		6451A38C144B2E74003CCFC9 /* Supporting Files */ = {
			isa = PBXGroup;
			children = (
				6451A38D144B2E74003CCFC9 /* TrogonTests-Info.plist */,
				6451A38E144B2E74003CCFC9 /* InfoPlist.strings */,
			);
			name = "Supporting Files";
			sourceTree = "<group>";
		};
		6463478D16952CF300355FF7 /* Utility Classes */ = {
			isa = PBXGroup;
			children = (
				6463478E16952D4F00355FF7 /* ScriptQueue.h */,
				6463478F16952D4F00355FF7 /* ScriptQueue.m */,
				6463479016952D4F00355FF7 /* ScriptStep.h */,
				6463479116952D4F00355FF7 /* ScriptStep.m */,
				6463479216952D4F00355FF7 /* TaskHandler.h */,
				6463479316952D4F00355FF7 /* TaskHandler.m */,
				6463479416952D4F00355FF7 /* TaskStep.h */,
				6463479516952D4F00355FF7 /* TaskStep.m */,
				6451A37A144B2E74003CCFC9 /* AppDelegate.h */,
				6451A37B144B2E74003CCFC9 /* AppDelegate.m */,
			);
			name = "Utility Classes";
			sourceTree = "<group>";
		};
		64C7757915BC905200611D74 /* Models */ = {
			isa = PBXGroup;
			children = (
				64ADDFEF144B8E1F0099E47A /* Gem.h */,
				64ADDFF0144B8E1F0099E47A /* Gem.m */,
				64ADDFEB144B8E160099E47A /* GemSet.h */,
				64ADDFEC144B8E160099E47A /* GemSet.m */,
				6451A39C144B2F01003CCFC9 /* Ruby.h */,
				6451A39D144B2F01003CCFC9 /* Ruby.m */,
			);
			name = Models;
			sourceTree = "<group>";
		};
		64C7757B15BC905A00611D74 /* Views */ = {
			isa = PBXGroup;
			children = (
				64ADE002144BB1940099E47A /* BackgroundView.h */,
				64ADE003144BB1940099E47A /* BackgroundView.m */,
				641C276814DECD3D000E4BAA /* GemServerSheet.xib */,
				647F9F6C144BBD81005F13C1 /* GemsetSheet.xib */,
				64745952147202820004698B /* GemsetTableView.h */,
				64745953147202820004698B /* GemsetTableView.m */,
				647F9F6E144BBD8E005F13C1 /* GemSheet.xib */,
				6451A37D144B2E74003CCFC9 /* MainMenu.xib */,
				64E790FC144E5F7000741803 /* ProgressSheet.xib */,
				64232A261691F0A1008479FF /* RubyDocSheet.xib */,
				64170251144BBD3300F7B1F7 /* RubySheet.xib */,
				64B3175F14DB7BA800350DC3 /* RvmSheet.xib */,
			);
			name = Views;
			sourceTree = "<group>";
		};
		64C7757C15BC905F00611D74 /* Controllers */ = {
			isa = PBXGroup;
			children = (
				641C276B14DECD62000E4BAA /* GemServerSheetController.h */,
				641C276C14DECD62000E4BAA /* GemServerSheetController.m */,
				647F9F70144BBF88005F13C1 /* GemsetSheetController.h */,
				647F9F71144BBF88005F13C1 /* GemsetSheetController.m */,
				6417024E144BBC9B00F7B1F7 /* GemSheetController.h */,
				6417024F144BBC9B00F7B1F7 /* GemSheetController.m */,
				64E790FF144E5F8200741803 /* ProgressSheetController.h */,
				64E79100144E5F8200741803 /* ProgressSheetController.m */,
				64362A5514DDF7A900B3A89F /* RubyDocSheetController.h */,
				64362A5614DDF7A900B3A89F /* RubyDocSheetController.m */,
				64170247144BBC8200F7B1F7 /* RubySheetController.h */,
				64170248144BBC8200F7B1F7 /* RubySheetController.m */,
				64B3176114DB7BD500350DC3 /* RvmSheetController.h */,
				64B3176214DB7BD500350DC3 /* RvmSheetController.m */,
			);
			name = Controllers;
			sourceTree = "<group>";
		};
/* End PBXGroup section */

/* Begin PBXNativeTarget section */
		64232A5C1691F8FA008479FF /* com.lark.software.TrogonHelper */ = {
			isa = PBXNativeTarget;
			buildConfigurationList = 64232A671691F8FA008479FF /* Build configuration list for PBXNativeTarget "com.lark.software.TrogonHelper" */;
			buildPhases = (
				64232A591691F8FA008479FF /* Sources */,
				64232A5A1691F8FA008479FF /* Frameworks */,
				64232A5B1691F8FA008479FF /* CopyFiles */,
			);
			buildRules = (
			);
			dependencies = (
			);
			name = com.lark.software.TrogonHelper;
			productName = TrogonHelper;
			productReference = 64232A5D1691F8FA008479FF /* com.lark.software.TrogonHelper */;
			productType = "com.apple.product-type.tool";
		};
		6451A363144B2E74003CCFC9 /* Trogon */ = {
			isa = PBXNativeTarget;
			buildConfigurationList = 6451A396144B2E74003CCFC9 /* Build configuration list for PBXNativeTarget "Trogon" */;
			buildPhases = (
				6451A360144B2E74003CCFC9 /* Sources */,
				6451A361144B2E74003CCFC9 /* Frameworks */,
				6451A362144B2E74003CCFC9 /* Resources */,
				6424C0CF16920E8100C13F15 /* CopyFiles */,
			);
			buildRules = (
			);
			dependencies = (
				64945BE1169338C400C009D7 /* PBXTargetDependency */,
			);
			name = Trogon;
			productName = Trogon;
			productReference = 6451A364144B2E74003CCFC9 /* Trogon.app */;
			productType = "com.apple.product-type.application";
		};
		6451A384144B2E74003CCFC9 /* TrogonTests */ = {
			isa = PBXNativeTarget;
			buildConfigurationList = 6451A399144B2E74003CCFC9 /* Build configuration list for PBXNativeTarget "TrogonTests" */;
			buildPhases = (
				6451A380144B2E74003CCFC9 /* Sources */,
				6451A381144B2E74003CCFC9 /* Frameworks */,
				6451A382144B2E74003CCFC9 /* Resources */,
				6451A383144B2E74003CCFC9 /* ShellScript */,
			);
			buildRules = (
			);
			dependencies = (
				6451A38A144B2E74003CCFC9 /* PBXTargetDependency */,
			);
			name = TrogonTests;
			productName = TrogonTests;
			productReference = 6451A385144B2E74003CCFC9 /* TrogonTests.octest */;
			productType = "com.apple.product-type.bundle";
		};
/* End PBXNativeTarget section */

/* Begin PBXProject section */
		6451A35B144B2E74003CCFC9 /* Project object */ = {
			isa = PBXProject;
			attributes = {
				LastUpgradeCheck = 0450;
				ORGANIZATIONNAME = "Lark Software";
			};
			buildConfigurationList = 6451A35E144B2E74003CCFC9 /* Build configuration list for PBXProject "Trogon" */;
			compatibilityVersion = "Xcode 3.2";
			developmentRegion = English;
			hasScannedForEncodings = 0;
			knownRegions = (
				en,
			);
			mainGroup = 6451A359144B2E74003CCFC9;
			productRefGroup = 6451A365144B2E74003CCFC9 /* Products */;
			projectDirPath = "";
			projectRoot = "";
			targets = (
				6451A363144B2E74003CCFC9 /* Trogon */,
				6451A384144B2E74003CCFC9 /* TrogonTests */,
				64232A5C1691F8FA008479FF /* com.lark.software.TrogonHelper */,
			);
		};
/* End PBXProject section */

/* Begin PBXResourcesBuildPhase section */
		6451A362144B2E74003CCFC9 /* Resources */ = {
			isa = PBXResourcesBuildPhase;
			buildActionMask = 2147483647;
			files = (
				6451A373144B2E74003CCFC9 /* InfoPlist.strings in Resources */,
				6451A379144B2E74003CCFC9 /* Credits.rtf in Resources */,
				6451A37F144B2E74003CCFC9 /* MainMenu.xib in Resources */,
				64170252144BBD3300F7B1F7 /* RubySheet.xib in Resources */,
				647F9F6D144BBD81005F13C1 /* GemsetSheet.xib in Resources */,
				647F9F6F144BBD8E005F13C1 /* GemSheet.xib in Resources */,
				64E790FD144E5F7000741803 /* ProgressSheet.xib in Resources */,
				64B3176014DB7BA800350DC3 /* RvmSheet.xib in Resources */,
				64072FAB14DD784300B78DD8 /* terminal.icns in Resources */,
				64072FB014DDBD1600B78DD8 /* rvmrc.icns in Resources */,
				64072FB214DDF19000B78DD8 /* ruby_doc.icns in Resources */,
				641C276914DECD3D000E4BAA /* GemServerSheet.xib in Resources */,
				64232A271691F0A1008479FF /* RubyDocSheet.xib in Resources */,
				64D7A35F1693E08600BB6FAD /* trogon.iconset in Resources */,
			);
			runOnlyForDeploymentPostprocessing = 0;
		};
		6451A382144B2E74003CCFC9 /* Resources */ = {
			isa = PBXResourcesBuildPhase;
			buildActionMask = 2147483647;
			files = (
				6451A390144B2E74003CCFC9 /* InfoPlist.strings in Resources */,
			);
			runOnlyForDeploymentPostprocessing = 0;
		};
/* End PBXResourcesBuildPhase section */

/* Begin PBXShellScriptBuildPhase section */
		6451A383144B2E74003CCFC9 /* ShellScript */ = {
			isa = PBXShellScriptBuildPhase;
			buildActionMask = 2147483647;
			files = (
			);
			inputPaths = (
			);
			outputPaths = (
			);
			runOnlyForDeploymentPostprocessing = 0;
			shellPath = /bin/sh;
			shellScript = "# Run the unit tests in this test bundle.\n\"${SYSTEM_DEVELOPER_DIR}/Tools/RunUnitTests\"\n";
		};
/* End PBXShellScriptBuildPhase section */

/* Begin PBXSourcesBuildPhase section */
		64232A591691F8FA008479FF /* Sources */ = {
			isa = PBXSourcesBuildPhase;
			buildActionMask = 2147483647;
			files = (
				64232A621691F8FA008479FF /* main.m in Sources */,
			);
			runOnlyForDeploymentPostprocessing = 0;
		};
		6451A360144B2E74003CCFC9 /* Sources */ = {
			isa = PBXSourcesBuildPhase;
			buildActionMask = 2147483647;
			files = (
				6451A375144B2E74003CCFC9 /* main.m in Sources */,
				6451A37C144B2E74003CCFC9 /* AppDelegate.m in Sources */,
				6451A39E144B2F01003CCFC9 /* Ruby.m in Sources */,
				64ADDFED144B8E160099E47A /* GemSet.m in Sources */,
				64ADDFF1144B8E1F0099E47A /* Gem.m in Sources */,
				64ADDFFE144B98080099E47A /* NSString+trimLeadingWhitespace.m in Sources */,
				64ADE004144BB1940099E47A /* BackgroundView.m in Sources */,
				64170249144BBC8200F7B1F7 /* RubySheetController.m in Sources */,
				64170250144BBC9B00F7B1F7 /* GemSheetController.m in Sources */,
				647F9F72144BBF88005F13C1 /* GemsetSheetController.m in Sources */,
				64BCECD4144D0CD500D9391F /* NSString+trimTrailingWhitespace.m in Sources */,
				64E79101144E5F8200741803 /* ProgressSheetController.m in Sources */,
				64745954147202820004698B /* GemsetTableView.m in Sources */,
				64B3176314DB7BD500350DC3 /* RvmSheetController.m in Sources */,
				64362A5714DDF7A900B3A89F /* RubyDocSheetController.m in Sources */,
				641C276D14DECD62000E4BAA /* GemServerSheetController.m in Sources */,
				6463479616952D4F00355FF7 /* ScriptQueue.m in Sources */,
				6463479716952D4F00355FF7 /* ScriptStep.m in Sources */,
				6463479816952D4F00355FF7 /* TaskHandler.m in Sources */,
				6463479916952D4F00355FF7 /* TaskStep.m in Sources */,
			);
			runOnlyForDeploymentPostprocessing = 0;
		};
		6451A380144B2E74003CCFC9 /* Sources */ = {
			isa = PBXSourcesBuildPhase;
			buildActionMask = 2147483647;
			files = (
				6451A393144B2E74003CCFC9 /* TrogonTests.m in Sources */,
			);
			runOnlyForDeploymentPostprocessing = 0;
		};
/* End PBXSourcesBuildPhase section */

/* Begin PBXTargetDependency section */
		6451A38A144B2E74003CCFC9 /* PBXTargetDependency */ = {
			isa = PBXTargetDependency;
			target = 6451A363144B2E74003CCFC9 /* Trogon */;
			targetProxy = 6451A389144B2E74003CCFC9 /* PBXContainerItemProxy */;
		};
		64945BE1169338C400C009D7 /* PBXTargetDependency */ = {
			isa = PBXTargetDependency;
			target = 64232A5C1691F8FA008479FF /* com.lark.software.TrogonHelper */;
			targetProxy = 64945BE0169338C400C009D7 /* PBXContainerItemProxy */;
		};
/* End PBXTargetDependency section */

/* Begin PBXVariantGroup section */
		6451A371144B2E74003CCFC9 /* InfoPlist.strings */ = {
			isa = PBXVariantGroup;
			children = (
				6451A372144B2E74003CCFC9 /* en */,
			);
			name = InfoPlist.strings;
			sourceTree = "<group>";
		};
		6451A377144B2E74003CCFC9 /* Credits.rtf */ = {
			isa = PBXVariantGroup;
			children = (
				6451A378144B2E74003CCFC9 /* en */,
			);
			name = Credits.rtf;
			sourceTree = "<group>";
		};
		6451A37D144B2E74003CCFC9 /* MainMenu.xib */ = {
			isa = PBXVariantGroup;
			children = (
				6451A37E144B2E74003CCFC9 /* en */,
			);
			name = MainMenu.xib;
			sourceTree = "<group>";
		};
		6451A38E144B2E74003CCFC9 /* InfoPlist.strings */ = {
			isa = PBXVariantGroup;
			children = (
				6451A38F144B2E74003CCFC9 /* en */,
			);
			name = InfoPlist.strings;
			sourceTree = "<group>";
		};
/* End PBXVariantGroup section */

/* Begin XCBuildConfiguration section */
		64232A681691F8FA008479FF /* Debug */ = {
			isa = XCBuildConfiguration;
			buildSettings = {
				CLANG_CXX_LANGUAGE_STANDARD = "gnu++0x";
				CLANG_CXX_LIBRARY = "libc++";
				CLANG_WARN_EMPTY_BODY = YES;
				CLANG_WARN__DUPLICATE_METHOD_MATCH = YES;
				CODE_SIGN_IDENTITY = "Mac Developer";
				GCC_PRECOMPILE_PREFIX_HEADER = YES;
				GCC_PREFIX_HEADER = "TrogonHelper/TrogonHelper-Prefix.pch";
				GCC_WARN_UNINITIALIZED_AUTOS = YES;
				INFOPLIST_FILE = "TrogonHelper/TrogonHelper-Info.plist";
				INFOPLIST_PREPROCESS = YES;
				MACOSX_DEPLOYMENT_TARGET = 10.8;
				OTHER_LDFLAGS = (
					"-sectcreate",
					__TEXT,
					__info_plist,
					"TrogonHelper/TrogonHelper-Info.plist",
					"-sectcreate",
					__TEXT,
					__launchd_plist,
					"TrogonHelper/TrogonHelper-Launchd.plist",
				);
				PRODUCT_NAME = "$(TARGET_NAME)";
				PROVISIONING_PROFILE = "";
				SKIP_INSTALL = YES;
			};
			name = Debug;
		};
		64232A691691F8FA008479FF /* Release */ = {
			isa = XCBuildConfiguration;
			buildSettings = {
				CLANG_CXX_LANGUAGE_STANDARD = "gnu++0x";
				CLANG_CXX_LIBRARY = "libc++";
				CLANG_WARN_EMPTY_BODY = YES;
				CLANG_WARN__DUPLICATE_METHOD_MATCH = YES;
				CODE_SIGN_IDENTITY = "Mac Developer";
				GCC_PRECOMPILE_PREFIX_HEADER = YES;
				GCC_PREFIX_HEADER = "TrogonHelper/TrogonHelper-Prefix.pch";
				GCC_WARN_UNINITIALIZED_AUTOS = YES;
				INFOPLIST_FILE = "TrogonHelper/TrogonHelper-Info.plist";
				INFOPLIST_PREPROCESS = YES;
				MACOSX_DEPLOYMENT_TARGET = 10.8;
				OTHER_LDFLAGS = (
					"-sectcreate",
					__TEXT,
					__info_plist,
					"TrogonHelper/TrogonHelper-Info.plist",
					"-sectcreate",
					__TEXT,
					__launchd_plist,
					"TrogonHelper/TrogonHelper-Launchd.plist",
				);
				PRODUCT_NAME = "$(TARGET_NAME)";
				PROVISIONING_PROFILE = "";
				SKIP_INSTALL = YES;
			};
			name = Release;
		};
		6451A394144B2E74003CCFC9 /* Debug */ = {
			isa = XCBuildConfiguration;
			buildSettings = {
				ALWAYS_SEARCH_USER_PATHS = NO;
				ARCHS = "$(ARCHS_STANDARD_64_BIT)";
				CLANG_ENABLE_OBJC_ARC = YES;
				CODE_SIGN_IDENTITY = "Mac Developer";
				COPY_PHASE_STRIP = NO;
				GCC_C_LANGUAGE_STANDARD = gnu99;
				GCC_DYNAMIC_NO_PIC = NO;
				GCC_ENABLE_OBJC_EXCEPTIONS = YES;
				GCC_OPTIMIZATION_LEVEL = 0;
				GCC_PREPROCESSOR_DEFINITIONS = (
					"DEBUG=1",
					"$(inherited)",
				);
				GCC_SYMBOLS_PRIVATE_EXTERN = NO;
				GCC_VERSION = com.apple.compilers.llvm.clang.1_0;
				GCC_WARN_64_TO_32_BIT_CONVERSION = YES;
				GCC_WARN_ABOUT_MISSING_PROTOTYPES = YES;
				GCC_WARN_ABOUT_RETURN_TYPE = YES;
				GCC_WARN_UNUSED_VARIABLE = YES;
				MACOSX_DEPLOYMENT_TARGET = 10.7;
				ONLY_ACTIVE_ARCH = YES;
				PROVISIONING_PROFILE = "";
				SDKROOT = macosx;
				SKIP_INSTALL = NO;
			};
			name = Debug;
		};
		6451A395144B2E74003CCFC9 /* Release */ = {
			isa = XCBuildConfiguration;
			buildSettings = {
				ALWAYS_SEARCH_USER_PATHS = NO;
				ARCHS = "$(ARCHS_STANDARD_64_BIT)";
				CLANG_ENABLE_OBJC_ARC = YES;
				CODE_SIGN_IDENTITY = "Mac Developer";
				COPY_PHASE_STRIP = YES;
				DEBUG_INFORMATION_FORMAT = "dwarf-with-dsym";
				GCC_C_LANGUAGE_STANDARD = gnu99;
				GCC_ENABLE_OBJC_EXCEPTIONS = YES;
				GCC_VERSION = com.apple.compilers.llvm.clang.1_0;
				GCC_WARN_64_TO_32_BIT_CONVERSION = YES;
				GCC_WARN_ABOUT_MISSING_PROTOTYPES = YES;
				GCC_WARN_ABOUT_RETURN_TYPE = YES;
				GCC_WARN_UNUSED_VARIABLE = YES;
				MACOSX_DEPLOYMENT_TARGET = 10.7;
				PROVISIONING_PROFILE = "";
				SDKROOT = macosx;
				SKIP_INSTALL = NO;
			};
			name = Release;
		};
		6451A397144B2E74003CCFC9 /* Debug */ = {
			isa = XCBuildConfiguration;
			buildSettings = {
				CODE_SIGN_IDENTITY = "Mac Developer";
				COMBINE_HIDPI_IMAGES = YES;
				GCC_PRECOMPILE_PREFIX_HEADER = YES;
				GCC_PREFIX_HEADER = "Trogon/Trogon-Prefix.pch";
				INFOPLIST_FILE = "Trogon/Trogon-Info.plist";
				PRODUCT_NAME = "$(TARGET_NAME)";
				PROVISIONING_PROFILE = "";
				WRAPPER_EXTENSION = app;
			};
			name = Debug;
		};
		6451A398144B2E74003CCFC9 /* Release */ = {
			isa = XCBuildConfiguration;
			buildSettings = {
				CODE_SIGN_IDENTITY = "Mac Developer";
				COMBINE_HIDPI_IMAGES = YES;
				COPY_PHASE_STRIP = NO;
				GCC_PRECOMPILE_PREFIX_HEADER = YES;
				GCC_PREFIX_HEADER = "Trogon/Trogon-Prefix.pch";
				INFOPLIST_FILE = "Trogon/Trogon-Info.plist";
				PRODUCT_NAME = "$(TARGET_NAME)";
				PROVISIONING_PROFILE = "";
				WRAPPER_EXTENSION = app;
			};
			name = Release;
		};
		6451A39A144B2E74003CCFC9 /* Debug */ = {
			isa = XCBuildConfiguration;
			buildSettings = {
				BUNDLE_LOADER = "$(BUILT_PRODUCTS_DIR)/Trogon.app/Contents/MacOS/Trogon";
				COMBINE_HIDPI_IMAGES = YES;
				FRAMEWORK_SEARCH_PATHS = "$(DEVELOPER_LIBRARY_DIR)/Frameworks";
				GCC_PRECOMPILE_PREFIX_HEADER = YES;
				GCC_PREFIX_HEADER = "Trogon/Trogon-Prefix.pch";
				INFOPLIST_FILE = "TrogonTests/TrogonTests-Info.plist";
				PRODUCT_NAME = "$(TARGET_NAME)";
				TEST_HOST = "$(BUNDLE_LOADER)";
				WRAPPER_EXTENSION = octest;
			};
			name = Debug;
		};
		6451A39B144B2E74003CCFC9 /* Release */ = {
			isa = XCBuildConfiguration;
			buildSettings = {
				BUNDLE_LOADER = "$(BUILT_PRODUCTS_DIR)/Trogon.app/Contents/MacOS/Trogon";
				COMBINE_HIDPI_IMAGES = YES;
				FRAMEWORK_SEARCH_PATHS = "$(DEVELOPER_LIBRARY_DIR)/Frameworks";
				GCC_PRECOMPILE_PREFIX_HEADER = YES;
				GCC_PREFIX_HEADER = "Trogon/Trogon-Prefix.pch";
				INFOPLIST_FILE = "TrogonTests/TrogonTests-Info.plist";
				PRODUCT_NAME = "$(TARGET_NAME)";
				TEST_HOST = "$(BUNDLE_LOADER)";
				WRAPPER_EXTENSION = octest;
			};
			name = Release;
		};
/* End XCBuildConfiguration section */

/* Begin XCConfigurationList section */
		64232A671691F8FA008479FF /* Build configuration list for PBXNativeTarget "com.lark.software.TrogonHelper" */ = {
			isa = XCConfigurationList;
			buildConfigurations = (
				64232A681691F8FA008479FF /* Debug */,
				64232A691691F8FA008479FF /* Release */,
			);
			defaultConfigurationIsVisible = 0;
			defaultConfigurationName = Release;
		};
		6451A35E144B2E74003CCFC9 /* Build configuration list for PBXProject "Trogon" */ = {
			isa = XCConfigurationList;
			buildConfigurations = (
				6451A394144B2E74003CCFC9 /* Debug */,
				6451A395144B2E74003CCFC9 /* Release */,
			);
			defaultConfigurationIsVisible = 0;
			defaultConfigurationName = Release;
		};
		6451A396144B2E74003CCFC9 /* Build configuration list for PBXNativeTarget "Trogon" */ = {
			isa = XCConfigurationList;
			buildConfigurations = (
				6451A397144B2E74003CCFC9 /* Debug */,
				6451A398144B2E74003CCFC9 /* Release */,
			);
			defaultConfigurationIsVisible = 0;
			defaultConfigurationName = Release;
		};
		6451A399144B2E74003CCFC9 /* Build configuration list for PBXNativeTarget "TrogonTests" */ = {
			isa = XCConfigurationList;
			buildConfigurations = (
				6451A39A144B2E74003CCFC9 /* Debug */,
				6451A39B144B2E74003CCFC9 /* Release */,
			);
			defaultConfigurationIsVisible = 0;
			defaultConfigurationName = Release;
		};
/* End XCConfigurationList section */
	};
	rootObject = 6451A35B144B2E74003CCFC9 /* Project object */;
}
